// !$*UTF8*$!
{
	archiveVersion = 1;
	classes = {
	};
	objectVersion = 55;
	objects = {

/* Begin PBXBuildFile section */
		FEBADF3C285E2E7700022DA2 /* Extensions.h in Headers */ = {isa = PBXBuildFile; fileRef = FEBADF3B285E2E7700022DA2 /* Extensions.h */; settings = {ATTRIBUTES = (Public, ); }; };
		FEBADF4F285E2EA400022DA2 /* KeyedDecodingContainer+Extensions.swift in Sources */ = {isa = PBXBuildFile; fileRef = FEBADF48285E2EA400022DA2 /* KeyedDecodingContainer+Extensions.swift */; };
		FEBADF50285E2EA400022DA2 /* ObservableType+Extensions.swift in Sources */ = {isa = PBXBuildFile; fileRef = FEBADF49285E2EA400022DA2 /* ObservableType+Extensions.swift */; };
		FEBADF51285E2EA400022DA2 /* TableView+Extensions.swift in Sources */ = {isa = PBXBuildFile; fileRef = FEBADF4A285E2EA400022DA2 /* TableView+Extensions.swift */; };
		FEBADF52285E2EA400022DA2 /* UIImageView+Extensions.swift in Sources */ = {isa = PBXBuildFile; fileRef = FEBADF4B285E2EA400022DA2 /* UIImageView+Extensions.swift */; };
		FEBADF53285E2EA400022DA2 /* UIView+Extensions.swift in Sources */ = {isa = PBXBuildFile; fileRef = FEBADF4C285E2EA400022DA2 /* UIView+Extensions.swift */; };
		FEBADF54285E2EA400022DA2 /* ObservableConvertibleType+Extensions.swift in Sources */ = {isa = PBXBuildFile; fileRef = FEBADF4D285E2EA400022DA2 /* ObservableConvertibleType+Extensions.swift */; };
		FEBADF55285E2EA400022DA2 /* UIViewController+Extensions.swift in Sources */ = {isa = PBXBuildFile; fileRef = FEBADF4E285E2EA400022DA2 /* UIViewController+Extensions.swift */; };
		FEBADF58285E2EB800022DA2 /* Alamofire in Frameworks */ = {isa = PBXBuildFile; productRef = FEBADF57285E2EB800022DA2 /* Alamofire */; };
		FEBADF5B285E2EC700022DA2 /* RxCocoa in Frameworks */ = {isa = PBXBuildFile; productRef = FEBADF5A285E2EC700022DA2 /* RxCocoa */; };
		FEBADF5D285E2EC700022DA2 /* RxSwift in Frameworks */ = {isa = PBXBuildFile; productRef = FEBADF5C285E2EC700022DA2 /* RxSwift */; };
		FEBADF60285E2EE000022DA2 /* SDWebImage in Frameworks */ = {isa = PBXBuildFile; productRef = FEBADF5F285E2EE000022DA2 /* SDWebImage */; };
		FEBADF73285E310900022DA2 /* ResponseCache.swift in Sources */ = {isa = PBXBuildFile; fileRef = FEBADF72285E310900022DA2 /* ResponseCache.swift */; };
/* End PBXBuildFile section */

/* Begin PBXFileReference section */
		FEBADF38285E2E7700022DA2 /* Extensions.framework */ = {isa = PBXFileReference; explicitFileType = wrapper.framework; includeInIndex = 0; path = Extensions.framework; sourceTree = BUILT_PRODUCTS_DIR; };
		FEBADF3B285E2E7700022DA2 /* Extensions.h */ = {isa = PBXFileReference; lastKnownFileType = sourcecode.c.h; path = Extensions.h; sourceTree = "<group>"; };
		FEBADF48285E2EA400022DA2 /* KeyedDecodingContainer+Extensions.swift */ = {isa = PBXFileReference; fileEncoding = 4; lastKnownFileType = sourcecode.swift; path = "KeyedDecodingContainer+Extensions.swift"; sourceTree = "<group>"; };
		FEBADF49285E2EA400022DA2 /* ObservableType+Extensions.swift */ = {isa = PBXFileReference; fileEncoding = 4; lastKnownFileType = sourcecode.swift; path = "ObservableType+Extensions.swift"; sourceTree = "<group>"; };
		FEBADF4A285E2EA400022DA2 /* TableView+Extensions.swift */ = {isa = PBXFileReference; fileEncoding = 4; lastKnownFileType = sourcecode.swift; path = "TableView+Extensions.swift"; sourceTree = "<group>"; };
		FEBADF4B285E2EA400022DA2 /* UIImageView+Extensions.swift */ = {isa = PBXFileReference; fileEncoding = 4; lastKnownFileType = sourcecode.swift; path = "UIImageView+Extensions.swift"; sourceTree = "<group>"; };
		FEBADF4C285E2EA400022DA2 /* UIView+Extensions.swift */ = {isa = PBXFileReference; fileEncoding = 4; lastKnownFileType = sourcecode.swift; path = "UIView+Extensions.swift"; sourceTree = "<group>"; };
		FEBADF4D285E2EA400022DA2 /* ObservableConvertibleType+Extensions.swift */ = {isa = PBXFileReference; fileEncoding = 4; lastKnownFileType = sourcecode.swift; path = "ObservableConvertibleType+Extensions.swift"; sourceTree = "<group>"; };
		FEBADF4E285E2EA400022DA2 /* UIViewController+Extensions.swift */ = {isa = PBXFileReference; fileEncoding = 4; lastKnownFileType = sourcecode.swift; path = "UIViewController+Extensions.swift"; sourceTree = "<group>"; };
		FEBADF72285E310900022DA2 /* ResponseCache.swift */ = {isa = PBXFileReference; lastKnownFileType = sourcecode.swift; path = ResponseCache.swift; sourceTree = "<group>"; };
/* End PBXFileReference section */

/* Begin PBXFrameworksBuildPhase section */
		FEBADF35285E2E7700022DA2 /* Frameworks */ = {
			isa = PBXFrameworksBuildPhase;
			buildActionMask = 2147483647;
			files = (
				FEBADF5D285E2EC700022DA2 /* RxSwift in Frameworks */,
				FEBADF5B285E2EC700022DA2 /* RxCocoa in Frameworks */,
				FEBADF60285E2EE000022DA2 /* SDWebImage in Frameworks */,
				FEBADF58285E2EB800022DA2 /* Alamofire in Frameworks */,
			);
			runOnlyForDeploymentPostprocessing = 0;
		};
/* End PBXFrameworksBuildPhase section */

/* Begin PBXGroup section */
		FEBADF2E285E2E7700022DA2 = {
			isa = PBXGroup;
			children = (
				FEBADF71285E30D500022DA2 /* Protocols */,
				FEBADF3A285E2E7700022DA2 /* Extensions */,
				FEBADF39285E2E7700022DA2 /* Products */,
			);
			sourceTree = "<group>";
		};
		FEBADF39285E2E7700022DA2 /* Products */ = {
			isa = PBXGroup;
			children = (
				FEBADF38285E2E7700022DA2 /* Extensions.framework */,
			);
			name = Products;
			sourceTree = "<group>";
		};
		FEBADF3A285E2E7700022DA2 /* Extensions */ = {
			isa = PBXGroup;
			children = (
				FEBADF48285E2EA400022DA2 /* KeyedDecodingContainer+Extensions.swift */,
				FEBADF4D285E2EA400022DA2 /* ObservableConvertibleType+Extensions.swift */,
				FEBADF49285E2EA400022DA2 /* ObservableType+Extensions.swift */,
				FEBADF4A285E2EA400022DA2 /* TableView+Extensions.swift */,
				FEBADF4B285E2EA400022DA2 /* UIImageView+Extensions.swift */,
				FEBADF4C285E2EA400022DA2 /* UIView+Extensions.swift */,
				FEBADF4E285E2EA400022DA2 /* UIViewController+Extensions.swift */,
				FEBADF3B285E2E7700022DA2 /* Extensions.h */,
			);
			path = Extensions;
			sourceTree = "<group>";
		};
		FEBADF71285E30D500022DA2 /* Protocols */ = {
			isa = PBXGroup;
			children = (
				FEBADF72285E310900022DA2 /* ResponseCache.swift */,
			);
			path = Protocols;
			sourceTree = "<group>";
		};
/* End PBXGroup section */

/* Begin PBXHeadersBuildPhase section */
		FEBADF33285E2E7700022DA2 /* Headers */ = {
			isa = PBXHeadersBuildPhase;
			buildActionMask = 2147483647;
			files = (
				FEBADF3C285E2E7700022DA2 /* Extensions.h in Headers */,
			);
			runOnlyForDeploymentPostprocessing = 0;
		};
/* End PBXHeadersBuildPhase section */

/* Begin PBXNativeTarget section */
		FEBADF37285E2E7700022DA2 /* Extensions */ = {
			isa = PBXNativeTarget;
			buildConfigurationList = FEBADF3F285E2E7700022DA2 /* Build configuration list for PBXNativeTarget "Extensions" */;
			buildPhases = (
				FEBADF33285E2E7700022DA2 /* Headers */,
				FEBADF34285E2E7700022DA2 /* Sources */,
				FEBADF35285E2E7700022DA2 /* Frameworks */,
				FEBADF36285E2E7700022DA2 /* Resources */,
			);
			buildRules = (
			);
			dependencies = (
			);
			name = Extensions;
			packageProductDependencies = (
				FEBADF57285E2EB800022DA2 /* Alamofire */,
				FEBADF5A285E2EC700022DA2 /* RxCocoa */,
				FEBADF5C285E2EC700022DA2 /* RxSwift */,
				FEBADF5F285E2EE000022DA2 /* SDWebImage */,
			);
			productName = Extensions;
			productReference = FEBADF38285E2E7700022DA2 /* Extensions.framework */;
			productType = "com.apple.product-type.framework";
		};
/* End PBXNativeTarget section */

/* Begin PBXProject section */
		FEBADF2F285E2E7700022DA2 /* Project object */ = {
			isa = PBXProject;
			attributes = {
				BuildIndependentTargetsInParallel = 1;
				LastUpgradeCheck = 1320;
				TargetAttributes = {
					FEBADF37285E2E7700022DA2 = {
						CreatedOnToolsVersion = 13.2.1;
						LastSwiftMigration = 1320;
					};
				};
			};
			buildConfigurationList = FEBADF32285E2E7700022DA2 /* Build configuration list for PBXProject "Extensions" */;
			compatibilityVersion = "Xcode 13.0";
			developmentRegion = en;
			hasScannedForEncodings = 0;
			knownRegions = (
				en,
				Base,
			);
			mainGroup = FEBADF2E285E2E7700022DA2;
			packageReferences = (
				FEBADF56285E2EB800022DA2 /* XCRemoteSwiftPackageReference "Alamofire" */,
				FEBADF59285E2EC700022DA2 /* XCRemoteSwiftPackageReference "RxSwift" */,
				FEBADF5E285E2EE000022DA2 /* XCRemoteSwiftPackageReference "SDWebImage" */,
			);
			productRefGroup = FEBADF39285E2E7700022DA2 /* Products */;
			projectDirPath = "";
			projectRoot = "";
			targets = (
				FEBADF37285E2E7700022DA2 /* Extensions */,
			);
		};
/* End PBXProject section */

/* Begin PBXResourcesBuildPhase section */
		FEBADF36285E2E7700022DA2 /* Resources */ = {
			isa = PBXResourcesBuildPhase;
			buildActionMask = 2147483647;
			files = (
			);
			runOnlyForDeploymentPostprocessing = 0;
		};
/* End PBXResourcesBuildPhase section */

/* Begin PBXSourcesBuildPhase section */
		FEBADF34285E2E7700022DA2 /* Sources */ = {
			isa = PBXSourcesBuildPhase;
			buildActionMask = 2147483647;
			files = (
				FEBADF50285E2EA400022DA2 /* ObservableType+Extensions.swift in Sources */,
				FEBADF73285E310900022DA2 /* ResponseCache.swift in Sources */,
				FEBADF51285E2EA400022DA2 /* TableView+Extensions.swift in Sources */,
				FEBADF54285E2EA400022DA2 /* ObservableConvertibleType+Extensions.swift in Sources */,
				FEBADF55285E2EA400022DA2 /* UIViewController+Extensions.swift in Sources */,
				FEBADF53285E2EA400022DA2 /* UIView+Extensions.swift in Sources */,
				FEBADF52285E2EA400022DA2 /* UIImageView+Extensions.swift in Sources */,
				FEBADF4F285E2EA400022DA2 /* KeyedDecodingContainer+Extensions.swift in Sources */,
			);
			runOnlyForDeploymentPostprocessing = 0;
		};
/* End PBXSourcesBuildPhase section */

/* Begin XCBuildConfiguration section */
		FEBADF3D285E2E7700022DA2 /* Debug */ = {
			isa = XCBuildConfiguration;
			buildSettings = {
				ALWAYS_SEARCH_USER_PATHS = NO;
				CLANG_ANALYZER_NONNULL = YES;
				CLANG_ANALYZER_NUMBER_OBJECT_CONVERSION = YES_AGGRESSIVE;
				CLANG_CXX_LANGUAGE_STANDARD = "gnu++17";
				CLANG_CXX_LIBRARY = "libc++";
				CLANG_ENABLE_MODULES = YES;
				CLANG_ENABLE_OBJC_ARC = YES;
				CLANG_ENABLE_OBJC_WEAK = YES;
				CLANG_WARN_BLOCK_CAPTURE_AUTORELEASING = YES;
				CLANG_WARN_BOOL_CONVERSION = YES;
				CLANG_WARN_COMMA = YES;
				CLANG_WARN_CONSTANT_CONVERSION = YES;
				CLANG_WARN_DEPRECATED_OBJC_IMPLEMENTATIONS = YES;
				CLANG_WARN_DIRECT_OBJC_ISA_USAGE = YES_ERROR;
				CLANG_WARN_DOCUMENTATION_COMMENTS = YES;
				CLANG_WARN_EMPTY_BODY = YES;
				CLANG_WARN_ENUM_CONVERSION = YES;
				CLANG_WARN_INFINITE_RECURSION = YES;
				CLANG_WARN_INT_CONVERSION = YES;
				CLANG_WARN_NON_LITERAL_NULL_CONVERSION = YES;
				CLANG_WARN_OBJC_IMPLICIT_RETAIN_SELF = YES;
				CLANG_WARN_OBJC_LITERAL_CONVERSION = YES;
				CLANG_WARN_OBJC_ROOT_CLASS = YES_ERROR;
				CLANG_WARN_QUOTED_INCLUDE_IN_FRAMEWORK_HEADER = YES;
				CLANG_WARN_RANGE_LOOP_ANALYSIS = YES;
				CLANG_WARN_STRICT_PROTOTYPES = YES;
				CLANG_WARN_SUSPICIOUS_MOVE = YES;
				CLANG_WARN_UNGUARDED_AVAILABILITY = YES_AGGRESSIVE;
				CLANG_WARN_UNREACHABLE_CODE = YES;
				CLANG_WARN__DUPLICATE_METHOD_MATCH = YES;
				COPY_PHASE_STRIP = NO;
				CURRENT_PROJECT_VERSION = 1;
				DEBUG_INFORMATION_FORMAT = dwarf;
				ENABLE_STRICT_OBJC_MSGSEND = YES;
				ENABLE_TESTABILITY = YES;
				GCC_C_LANGUAGE_STANDARD = gnu11;
				GCC_DYNAMIC_NO_PIC = NO;
				GCC_NO_COMMON_BLOCKS = YES;
				GCC_OPTIMIZATION_LEVEL = 0;
				GCC_PREPROCESSOR_DEFINITIONS = (
					"DEBUG=1",
					"$(inherited)",
				);
				GCC_WARN_64_TO_32_BIT_CONVERSION = YES;
				GCC_WARN_ABOUT_RETURN_TYPE = YES_ERROR;
				GCC_WARN_UNDECLARED_SELECTOR = YES;
				GCC_WARN_UNINITIALIZED_AUTOS = YES_AGGRESSIVE;
				GCC_WARN_UNUSED_FUNCTION = YES;
				GCC_WARN_UNUSED_VARIABLE = YES;
				IPHONEOS_DEPLOYMENT_TARGET = 13.0;
				MTL_ENABLE_DEBUG_INFO = INCLUDE_SOURCE;
				MTL_FAST_MATH = YES;
				ONLY_ACTIVE_ARCH = YES;
				SDKROOT = iphoneos;
				SWIFT_ACTIVE_COMPILATION_CONDITIONS = DEBUG;
				SWIFT_OPTIMIZATION_LEVEL = "-Onone";
				VERSIONING_SYSTEM = "apple-generic";
				VERSION_INFO_PREFIX = "";
			};
			name = Debug;
		};
		FEBADF3E285E2E7700022DA2 /* Release */ = {
			isa = XCBuildConfiguration;
			buildSettings = {
				ALWAYS_SEARCH_USER_PATHS = NO;
				CLANG_ANALYZER_NONNULL = YES;
				CLANG_ANALYZER_NUMBER_OBJECT_CONVERSION = YES_AGGRESSIVE;
				CLANG_CXX_LANGUAGE_STANDARD = "gnu++17";
				CLANG_CXX_LIBRARY = "libc++";
				CLANG_ENABLE_MODULES = YES;
				CLANG_ENABLE_OBJC_ARC = YES;
				CLANG_ENABLE_OBJC_WEAK = YES;
				CLANG_WARN_BLOCK_CAPTURE_AUTORELEASING = YES;
				CLANG_WARN_BOOL_CONVERSION = YES;
				CLANG_WARN_COMMA = YES;
				CLANG_WARN_CONSTANT_CONVERSION = YES;
				CLANG_WARN_DEPRECATED_OBJC_IMPLEMENTATIONS = YES;
				CLANG_WARN_DIRECT_OBJC_ISA_USAGE = YES_ERROR;
				CLANG_WARN_DOCUMENTATION_COMMENTS = YES;
				CLANG_WARN_EMPTY_BODY = YES;
				CLANG_WARN_ENUM_CONVERSION = YES;
				CLANG_WARN_INFINITE_RECURSION = YES;
				CLANG_WARN_INT_CONVERSION = YES;
				CLANG_WARN_NON_LITERAL_NULL_CONVERSION = YES;
				CLANG_WARN_OBJC_IMPLICIT_RETAIN_SELF = YES;
				CLANG_WARN_OBJC_LITERAL_CONVERSION = YES;
				CLANG_WARN_OBJC_ROOT_CLASS = YES_ERROR;
				CLANG_WARN_QUOTED_INCLUDE_IN_FRAMEWORK_HEADER = YES;
				CLANG_WARN_RANGE_LOOP_ANALYSIS = YES;
				CLANG_WARN_STRICT_PROTOTYPES = YES;
				CLANG_WARN_SUSPICIOUS_MOVE = YES;
				CLANG_WARN_UNGUARDED_AVAILABILITY = YES_AGGRESSIVE;
				CLANG_WARN_UNREACHABLE_CODE = YES;
				CLANG_WARN__DUPLICATE_METHOD_MATCH = YES;
				COPY_PHASE_STRIP = NO;
				CURRENT_PROJECT_VERSION = 1;
				DEBUG_INFORMATION_FORMAT = "dwarf-with-dsym";
				ENABLE_NS_ASSERTIONS = NO;
				ENABLE_STRICT_OBJC_MSGSEND = YES;
				GCC_C_LANGUAGE_STANDARD = gnu11;
				GCC_NO_COMMON_BLOCKS = YES;
				GCC_WARN_64_TO_32_BIT_CONVERSION = YES;
				GCC_WARN_ABOUT_RETURN_TYPE = YES_ERROR;
				GCC_WARN_UNDECLARED_SELECTOR = YES;
				GCC_WARN_UNINITIALIZED_AUTOS = YES_AGGRESSIVE;
				GCC_WARN_UNUSED_FUNCTION = YES;
				GCC_WARN_UNUSED_VARIABLE = YES;
				IPHONEOS_DEPLOYMENT_TARGET = 13.0;
				MTL_ENABLE_DEBUG_INFO = NO;
				MTL_FAST_MATH = YES;
				SDKROOT = iphoneos;
				SWIFT_COMPILATION_MODE = wholemodule;
				SWIFT_OPTIMIZATION_LEVEL = "-O";
				VALIDATE_PRODUCT = YES;
				VERSIONING_SYSTEM = "apple-generic";
				VERSION_INFO_PREFIX = "";
			};
			name = Release;
		};
		FEBADF40285E2E7700022DA2 /* Debug */ = {
			isa = XCBuildConfiguration;
			buildSettings = {
				CLANG_ENABLE_MODULES = YES;
				CODE_SIGN_STYLE = Automatic;
				CURRENT_PROJECT_VERSION = 1;
				DEFINES_MODULE = YES;
				DEVELOPMENT_TEAM = W747Q8Z9UW;
				DYLIB_COMPATIBILITY_VERSION = 1;
				DYLIB_CURRENT_VERSION = 1;
				DYLIB_INSTALL_NAME_BASE = "@rpath";
				GENERATE_INFOPLIST_FILE = YES;
				INFOPLIST_KEY_NSHumanReadableCopyright = "";
				INSTALL_PATH = "$(LOCAL_LIBRARY_DIR)/Frameworks";
				LD_RUNPATH_SEARCH_PATHS = (
					"$(inherited)",
					"@executable_path/Frameworks",
					"@loader_path/Frameworks",
				);
				MARKETING_VERSION = 1.0;
				PRODUCT_BUNDLE_IDENTIFIER = com.lamle.Extensions;
				PRODUCT_NAME = "$(TARGET_NAME:c99extidentifier)";
				SKIP_INSTALL = YES;
				SWIFT_EMIT_LOC_STRINGS = YES;
				SWIFT_OPTIMIZATION_LEVEL = "-Onone";
				SWIFT_VERSION = 5.0;
				TARGETED_DEVICE_FAMILY = "1,2";
			};
			name = Debug;
		};
		FEBADF41285E2E7700022DA2 /* Release */ = {
			isa = XCBuildConfiguration;
			buildSettings = {
				CLANG_ENABLE_MODULES = YES;
				CODE_SIGN_STYLE = Automatic;
				CURRENT_PROJECT_VERSION = 1;
				DEFINES_MODULE = YES;
				DEVELOPMENT_TEAM = W747Q8Z9UW;
				DYLIB_COMPATIBILITY_VERSION = 1;
				DYLIB_CURRENT_VERSION = 1;
				DYLIB_INSTALL_NAME_BASE = "@rpath";
				GENERATE_INFOPLIST_FILE = YES;
				INFOPLIST_KEY_NSHumanReadableCopyright = "";
				INSTALL_PATH = "$(LOCAL_LIBRARY_DIR)/Frameworks";
				LD_RUNPATH_SEARCH_PATHS = (
					"$(inherited)",
					"@executable_path/Frameworks",
					"@loader_path/Frameworks",
				);
				MARKETING_VERSION = 1.0;
				PRODUCT_BUNDLE_IDENTIFIER = com.lamle.Extensions;
				PRODUCT_NAME = "$(TARGET_NAME:c99extidentifier)";
				SKIP_INSTALL = YES;
				SWIFT_EMIT_LOC_STRINGS = YES;
				SWIFT_VERSION = 5.0;
				TARGETED_DEVICE_FAMILY = "1,2";
			};
			name = Release;
		};
/* End XCBuildConfiguration section */

/* Begin XCConfigurationList section */
		FEBADF32285E2E7700022DA2 /* Build configuration list for PBXProject "Extensions" */ = {
			isa = XCConfigurationList;
			buildConfigurations = (
				FEBADF3D285E2E7700022DA2 /* Debug */,
				FEBADF3E285E2E7700022DA2 /* Release */,
			);
			defaultConfigurationIsVisible = 0;
			defaultConfigurationName = Release;
		};
		FEBADF3F285E2E7700022DA2 /* Build configuration list for PBXNativeTarget "Extensions" */ = {
			isa = XCConfigurationList;
			buildConfigurations = (
				FEBADF40285E2E7700022DA2 /* Debug */,
				FEBADF41285E2E7700022DA2 /* Release */,
			);
			defaultConfigurationIsVisible = 0;
			defaultConfigurationName = Release;
		};
/* End XCConfigurationList section */

/* Begin XCRemoteSwiftPackageReference section */
		FEBADF56285E2EB800022DA2 /* XCRemoteSwiftPackageReference "Alamofire" */ = {
			isa = XCRemoteSwiftPackageReference;
			repositoryURL = "https://github.com/Alamofire/Alamofire";
			requirement = {
				branch = master;
				kind = branch;
			};
		};
		FEBADF59285E2EC700022DA2 /* XCRemoteSwiftPackageReference "RxSwift" */ = {
			isa = XCRemoteSwiftPackageReference;
			repositoryURL = "https://github.com/ReactiveX/RxSwift";
			requirement = {
				branch = main;
				kind = branch;
			};
		};
		FEBADF5E285E2EE000022DA2 /* XCRemoteSwiftPackageReference "SDWebImage" */ = {
			isa = XCRemoteSwiftPackageReference;
			repositoryURL = "https://github.com/SDWebImage/SDWebImage";
			requirement = {
				branch = master;
				kind = branch;
			};
		};
/* End XCRemoteSwiftPackageReference section */

/* Begin XCSwiftPackageProductDependency section */
		FEBADF57285E2EB800022DA2 /* Alamofire */ = {
			isa = XCSwiftPackageProductDependency;
			package = FEBADF56285E2EB800022DA2 /* XCRemoteSwiftPackageReference "Alamofire" */;
			productName = Alamofire;
		};
		FEBADF5A285E2EC700022DA2 /* RxCocoa */ = {
			isa = XCSwiftPackageProductDependency;
			package = FEBADF59285E2EC700022DA2 /* XCRemoteSwiftPackageReference "RxSwift" */;
			productName = RxCocoa;
		};
		FEBADF5C285E2EC700022DA2 /* RxSwift */ = {
			isa = XCSwiftPackageProductDependency;
			package = FEBADF59285E2EC700022DA2 /* XCRemoteSwiftPackageReference "RxSwift" */;
			productName = RxSwift;
		};
		FEBADF5F285E2EE000022DA2 /* SDWebImage */ = {
			isa = XCSwiftPackageProductDependency;
			package = FEBADF5E285E2EE000022DA2 /* XCRemoteSwiftPackageReference "SDWebImage" */;
			productName = SDWebImage;
		};
/* End XCSwiftPackageProductDependency section */
	};
	rootObject = FEBADF2F285E2E7700022DA2 /* Project object */;
}
