{
  "object": {
    "pins": [
      {
        "package": "Alamofire",
        "repositoryURL": "https://github.com/Alamofire/Alamofire",
        "state": {
          "branch": "master",
          "revision": "51d67100121d586c9d15ec0227de96442af4dd6d",
          "version": null
        }
      },
      {
        "package": "RxSwift",
        "repositoryURL": "https://github.com/ReactiveX/RxSwift",
        "state": {
          "branch": "main",
          "revision": "e0ab8c4e18baf6679a65b325155923276b832687",
          "version": null
        }
      },
      {
        "package": "SDWebImage",
        "repositoryURL": "https://github.com/SDWebImage/SDWebImage",
        "state": {
          "branch": null,
          "revision": "b729cc14f65e1412efc781a4cc46bd7f4720a3ae",
          "version": "5.12.6"
        }
      }
    ]
  },
  "version": 1
}
