{
  "object": {
    "pins": [
      {
        "package": "Alamofire",
        "repositoryURL": "https://github.com/Alamofire/Alamofire",
        "state": {
          "branch": "master",
          "revision": "51d67100121d586c9d15ec0227de96442af4dd6d",
          "version": null
        }
      },
      {
        "package": "RxSwift",
        "repositoryURL": "https://github.com/ReactiveX/RxSwift",
        "state": {
          "branch": "main",
          "revision": "e0ab8c4e18baf6679a65b325155923276b832687",
          "version": null
        }
      },
      {
        "package": "SDWebImage",
        "repositoryURL": "https://github.com/SDWebImage/SDWebImage",
        "state": {
          "branch": "master",
          "revision": "eeb25d6e9c1ecedbcbdc6694a6e40eaa8dcddbb5",
          "version": null
        }
      }
    ]
  },
  "version": 1
}
