// !$*UTF8*$!
{
	archiveVersion = 1;
	classes = {
	};
	objectVersion = 55;
	objects = {

/* Begin PBXBuildFile section */
		FE9CE3A5285A09800014B2CF /* AppDelegate.swift in Sources */ = {isa = PBXBuildFile; fileRef = FE9CE3A4285A09800014B2CF /* AppDelegate.swift */; };
		FE9CE3AE285A09830014B2CF /* Assets.xcassets in Resources */ = {isa = PBXBuildFile; fileRef = FE9CE3AD285A09830014B2CF /* Assets.xcassets */; };
		FE9CE3B1285A09830014B2CF /* LaunchScreen.storyboard in Resources */ = {isa = PBXBuildFile; fileRef = FE9CE3AF285A09830014B2CF /* LaunchScreen.storyboard */; };
		FE9CE3BA285A09B10014B2CF /* UsersViewController.swift in Sources */ = {isa = PBXBuildFile; fileRef = FE9CE3B8285A09B10014B2CF /* UsersViewController.swift */; };
		FE9CE3BB285A09B10014B2CF /* UsersViewController.xib in Resources */ = {isa = PBXBuildFile; fileRef = FE9CE3B9285A09B10014B2CF /* UsersViewController.xib */; };
		FE9CE3C0285A0AAC0014B2CF /* ApiClient.swift in Sources */ = {isa = PBXBuildFile; fileRef = FE9CE3BF285A0AAC0014B2CF /* ApiClient.swift */; };
		FE9CE3CB285A11060014B2CF /* Router.swift in Sources */ = {isa = PBXBuildFile; fileRef = FE9CE3CA285A11060014B2CF /* Router.swift */; };
		FE9CE3CE285A13AF0014B2CF /* GithubRouter.swift in Sources */ = {isa = PBXBuildFile; fileRef = FE9CE3CD285A13AF0014B2CF /* GithubRouter.swift */; };
		FE9CE3D1285A164A0014B2CF /* Alamofire in Frameworks */ = {isa = PBXBuildFile; productRef = FE9CE3D0285A164A0014B2CF /* Alamofire */; };
		FE9CE3D4285A165C0014B2CF /* RxCocoa in Frameworks */ = {isa = PBXBuildFile; productRef = FE9CE3D3285A165C0014B2CF /* RxCocoa */; };
		FE9CE3D6285A165C0014B2CF /* RxSwift in Frameworks */ = {isa = PBXBuildFile; productRef = FE9CE3D5285A165C0014B2CF /* RxSwift */; };
		FE9CE3D9285A1AC50014B2CF /* Api.swift in Sources */ = {isa = PBXBuildFile; fileRef = FE9CE3D8285A1AC50014B2CF /* Api.swift */; };
		FE9CE3DC285A1E950014B2CF /* App.swift in Sources */ = {isa = PBXBuildFile; fileRef = FE9CE3DB285A1E950014B2CF /* App.swift */; };
		FE9CE3DE285A1EA10014B2CF /* AppString.swift in Sources */ = {isa = PBXBuildFile; fileRef = FE9CE3DD285A1EA10014B2CF /* AppString.swift */; };
		FE9CE3E0285A1F280014B2CF /* DefaultUserNavigator.swift in Sources */ = {isa = PBXBuildFile; fileRef = FE9CE3DF285A1F280014B2CF /* DefaultUserNavigator.swift */; };
		FE9CE3E2285A1F380014B2CF /* DefaultUsersUseCase.swift in Sources */ = {isa = PBXBuildFile; fileRef = FE9CE3E1285A1F380014B2CF /* DefaultUsersUseCase.swift */; };
		FE9CE3E4285A201A0014B2CF /* UsersViewModel.swift in Sources */ = {isa = PBXBuildFile; fileRef = FE9CE3E3285A201A0014B2CF /* UsersViewModel.swift */; };
		FE9CE3E7285A20400014B2CF /* ViewModelType.swift in Sources */ = {isa = PBXBuildFile; fileRef = FE9CE3E6285A20400014B2CF /* ViewModelType.swift */; };
		FE9CE3EA285A22240014B2CF /* UserDTO.swift in Sources */ = {isa = PBXBuildFile; fileRef = FE9CE3E9285A22240014B2CF /* UserDTO.swift */; };
		FE9CE3ED285A23440014B2CF /* KeyedDecodingContainer+Extensions.swift in Sources */ = {isa = PBXBuildFile; fileRef = FE9CE3EC285A23440014B2CF /* KeyedDecodingContainer+Extensions.swift */; };
		FE9CE3EF285A24970014B2CF /* ObservableConvertibleType+Extensions.swift in Sources */ = {isa = PBXBuildFile; fileRef = FE9CE3EE285A24970014B2CF /* ObservableConvertibleType+Extensions.swift */; };
		FE9CE3F1285A25910014B2CF /* GithubService.swift in Sources */ = {isa = PBXBuildFile; fileRef = FE9CE3F0285A25910014B2CF /* GithubService.swift */; };
		FE9CE3F5285A33080014B2CF /* ObservableType+Extensions.swift in Sources */ = {isa = PBXBuildFile; fileRef = FE9CE3F4285A33080014B2CF /* ObservableType+Extensions.swift */; };
		FE9CE3F7285A350A0014B2CF /* Application.swift in Sources */ = {isa = PBXBuildFile; fileRef = FE9CE3F6285A350A0014B2CF /* Application.swift */; };
		FE9CE3FA285A3DF60014B2CF /* UseCaseProvider.swift in Sources */ = {isa = PBXBuildFile; fileRef = FE9CE3F9285A3DF60014B2CF /* UseCaseProvider.swift */; };
		FE9CE400285AAB880014B2CF /* UsersTableCell.swift in Sources */ = {isa = PBXBuildFile; fileRef = FE9CE3FE285AAB880014B2CF /* UsersTableCell.swift */; };
		FE9CE401285AAB880014B2CF /* UsersTableCell.xib in Resources */ = {isa = PBXBuildFile; fileRef = FE9CE3FF285AAB880014B2CF /* UsersTableCell.xib */; };
		FE9CE403285AAEBF0014B2CF /* TableView+Extensions.swift in Sources */ = {isa = PBXBuildFile; fileRef = FE9CE402285AAEBF0014B2CF /* TableView+Extensions.swift */; };
		FE9CE406285AC30C0014B2CF /* SDWebImage in Frameworks */ = {isa = PBXBuildFile; productRef = FE9CE405285AC30C0014B2CF /* SDWebImage */; };
		FE9CE408285AC34E0014B2CF /* UIImageView+Extensions.swift in Sources */ = {isa = PBXBuildFile; fileRef = FE9CE407285AC34E0014B2CF /* UIImageView+Extensions.swift */; };
		FEA782A7285B1C58000A7063 /* UserDetailViewController.swift in Sources */ = {isa = PBXBuildFile; fileRef = FEA782A5285B1C58000A7063 /* UserDetailViewController.swift */; };
		FEA782A8285B1C58000A7063 /* UserDetailViewController.xib in Resources */ = {isa = PBXBuildFile; fileRef = FEA782A6285B1C58000A7063 /* UserDetailViewController.xib */; };
		FEA782AA285B1CDD000A7063 /* UserDetailUseCase.swift in Sources */ = {isa = PBXBuildFile; fileRef = FEA782A9285B1CDD000A7063 /* UserDetailUseCase.swift */; };
		FEA782AC285B1CED000A7063 /* UserDetailNavigator.swift in Sources */ = {isa = PBXBuildFile; fileRef = FEA782AB285B1CED000A7063 /* UserDetailNavigator.swift */; };
		FEA782AE285B1CFD000A7063 /* UserDetailViewModel.swift in Sources */ = {isa = PBXBuildFile; fileRef = FEA782AD285B1CFD000A7063 /* UserDetailViewModel.swift */; };
		FEA782B0285B2AD8000A7063 /* UIView+Extensions.swift in Sources */ = {isa = PBXBuildFile; fileRef = FEA782AF285B2AD8000A7063 /* UIView+Extensions.swift */; };
/* End PBXBuildFile section */

/* Begin PBXFileReference section */
		FE9CE3A1285A09800014B2CF /* GithubUser.app */ = {isa = PBXFileReference; explicitFileType = wrapper.application; includeInIndex = 0; path = GithubUser.app; sourceTree = BUILT_PRODUCTS_DIR; };
		FE9CE3A4285A09800014B2CF /* AppDelegate.swift */ = {isa = PBXFileReference; lastKnownFileType = sourcecode.swift; path = AppDelegate.swift; sourceTree = "<group>"; };
		FE9CE3AD285A09830014B2CF /* Assets.xcassets */ = {isa = PBXFileReference; lastKnownFileType = folder.assetcatalog; path = Assets.xcassets; sourceTree = "<group>"; };
		FE9CE3B0285A09830014B2CF /* Base */ = {isa = PBXFileReference; lastKnownFileType = file.storyboard; name = Base; path = Base.lproj/LaunchScreen.storyboard; sourceTree = "<group>"; };
		FE9CE3B2285A09830014B2CF /* Info.plist */ = {isa = PBXFileReference; lastKnownFileType = text.plist.xml; path = Info.plist; sourceTree = "<group>"; };
		FE9CE3B8285A09B10014B2CF /* UsersViewController.swift */ = {isa = PBXFileReference; lastKnownFileType = sourcecode.swift; path = UsersViewController.swift; sourceTree = "<group>"; };
		FE9CE3B9285A09B10014B2CF /* UsersViewController.xib */ = {isa = PBXFileReference; lastKnownFileType = file.xib; path = UsersViewController.xib; sourceTree = "<group>"; };
		FE9CE3BF285A0AAC0014B2CF /* ApiClient.swift */ = {isa = PBXFileReference; lastKnownFileType = sourcecode.swift; path = ApiClient.swift; sourceTree = "<group>"; };
		FE9CE3CA285A11060014B2CF /* Router.swift */ = {isa = PBXFileReference; lastKnownFileType = sourcecode.swift; path = Router.swift; sourceTree = "<group>"; };
		FE9CE3CD285A13AF0014B2CF /* GithubRouter.swift */ = {isa = PBXFileReference; lastKnownFileType = sourcecode.swift; path = GithubRouter.swift; sourceTree = "<group>"; };
		FE9CE3D8285A1AC50014B2CF /* Api.swift */ = {isa = PBXFileReference; lastKnownFileType = sourcecode.swift; path = Api.swift; sourceTree = "<group>"; };
		FE9CE3DB285A1E950014B2CF /* App.swift */ = {isa = PBXFileReference; lastKnownFileType = sourcecode.swift; path = App.swift; sourceTree = "<group>"; };
		FE9CE3DD285A1EA10014B2CF /* AppString.swift */ = {isa = PBXFileReference; lastKnownFileType = sourcecode.swift; path = AppString.swift; sourceTree = "<group>"; };
		FE9CE3DF285A1F280014B2CF /* DefaultUserNavigator.swift */ = {isa = PBXFileReference; lastKnownFileType = sourcecode.swift; path = DefaultUserNavigator.swift; sourceTree = "<group>"; };
		FE9CE3E1285A1F380014B2CF /* DefaultUsersUseCase.swift */ = {isa = PBXFileReference; lastKnownFileType = sourcecode.swift; path = DefaultUsersUseCase.swift; sourceTree = "<group>"; };
		FE9CE3E3285A201A0014B2CF /* UsersViewModel.swift */ = {isa = PBXFileReference; lastKnownFileType = sourcecode.swift; path = UsersViewModel.swift; sourceTree = "<group>"; };
		FE9CE3E6285A20400014B2CF /* ViewModelType.swift */ = {isa = PBXFileReference; lastKnownFileType = sourcecode.swift; path = ViewModelType.swift; sourceTree = "<group>"; };
		FE9CE3E9285A22240014B2CF /* UserDTO.swift */ = {isa = PBXFileReference; lastKnownFileType = sourcecode.swift; path = UserDTO.swift; sourceTree = "<group>"; };
		FE9CE3EC285A23440014B2CF /* KeyedDecodingContainer+Extensions.swift */ = {isa = PBXFileReference; lastKnownFileType = sourcecode.swift; path = "KeyedDecodingContainer+Extensions.swift"; sourceTree = "<group>"; };
		FE9CE3EE285A24970014B2CF /* ObservableConvertibleType+Extensions.swift */ = {isa = PBXFileReference; lastKnownFileType = sourcecode.swift; path = "ObservableConvertibleType+Extensions.swift"; sourceTree = "<group>"; };
		FE9CE3F0285A25910014B2CF /* GithubService.swift */ = {isa = PBXFileReference; lastKnownFileType = sourcecode.swift; path = GithubService.swift; sourceTree = "<group>"; };
		FE9CE3F4285A33080014B2CF /* ObservableType+Extensions.swift */ = {isa = PBXFileReference; lastKnownFileType = sourcecode.swift; path = "ObservableType+Extensions.swift"; sourceTree = "<group>"; };
		FE9CE3F6285A350A0014B2CF /* Application.swift */ = {isa = PBXFileReference; lastKnownFileType = sourcecode.swift; path = Application.swift; sourceTree = "<group>"; };
		FE9CE3F9285A3DF60014B2CF /* UseCaseProvider.swift */ = {isa = PBXFileReference; lastKnownFileType = sourcecode.swift; path = UseCaseProvider.swift; sourceTree = "<group>"; };
		FE9CE3FE285AAB880014B2CF /* UsersTableCell.swift */ = {isa = PBXFileReference; lastKnownFileType = sourcecode.swift; path = UsersTableCell.swift; sourceTree = "<group>"; };
		FE9CE3FF285AAB880014B2CF /* UsersTableCell.xib */ = {isa = PBXFileReference; lastKnownFileType = file.xib; path = UsersTableCell.xib; sourceTree = "<group>"; };
		FE9CE402285AAEBF0014B2CF /* TableView+Extensions.swift */ = {isa = PBXFileReference; lastKnownFileType = sourcecode.swift; path = "TableView+Extensions.swift"; sourceTree = "<group>"; };
		FE9CE407285AC34E0014B2CF /* UIImageView+Extensions.swift */ = {isa = PBXFileReference; lastKnownFileType = sourcecode.swift; path = "UIImageView+Extensions.swift"; sourceTree = "<group>"; };
		FEA782A5285B1C58000A7063 /* UserDetailViewController.swift */ = {isa = PBXFileReference; lastKnownFileType = sourcecode.swift; path = UserDetailViewController.swift; sourceTree = "<group>"; };
		FEA782A6285B1C58000A7063 /* UserDetailViewController.xib */ = {isa = PBXFileReference; lastKnownFileType = file.xib; path = UserDetailViewController.xib; sourceTree = "<group>"; };
		FEA782A9285B1CDD000A7063 /* UserDetailUseCase.swift */ = {isa = PBXFileReference; lastKnownFileType = sourcecode.swift; path = UserDetailUseCase.swift; sourceTree = "<group>"; };
		FEA782AB285B1CED000A7063 /* UserDetailNavigator.swift */ = {isa = PBXFileReference; lastKnownFileType = sourcecode.swift; path = UserDetailNavigator.swift; sourceTree = "<group>"; };
		FEA782AD285B1CFD000A7063 /* UserDetailViewModel.swift */ = {isa = PBXFileReference; lastKnownFileType = sourcecode.swift; path = UserDetailViewModel.swift; sourceTree = "<group>"; };
		FEA782AF285B2AD8000A7063 /* UIView+Extensions.swift */ = {isa = PBXFileReference; lastKnownFileType = sourcecode.swift; path = "UIView+Extensions.swift"; sourceTree = "<group>"; };
/* End PBXFileReference section */

/* Begin PBXFrameworksBuildPhase section */
		FE9CE39E285A09800014B2CF /* Frameworks */ = {
			isa = PBXFrameworksBuildPhase;
			buildActionMask = 2147483647;
			files = (
				FE9CE3D6285A165C0014B2CF /* RxSwift in Frameworks */,
				FE9CE3D4285A165C0014B2CF /* RxCocoa in Frameworks */,
				FE9CE406285AC30C0014B2CF /* SDWebImage in Frameworks */,
				FE9CE3D1285A164A0014B2CF /* Alamofire in Frameworks */,
			);
			runOnlyForDeploymentPostprocessing = 0;
		};
/* End PBXFrameworksBuildPhase section */

/* Begin PBXGroup section */
		FE9CE398285A09800014B2CF = {
			isa = PBXGroup;
			children = (
				FE9CE3A3285A09800014B2CF /* GithubUser */,
				FE9CE3A2285A09800014B2CF /* Products */,
			);
			sourceTree = "<group>";
		};
		FE9CE3A2285A09800014B2CF /* Products */ = {
			isa = PBXGroup;
			children = (
				FE9CE3A1285A09800014B2CF /* GithubUser.app */,
			);
			name = Products;
			sourceTree = "<group>";
		};
		FE9CE3A3285A09800014B2CF /* GithubUser */ = {
			isa = PBXGroup;
			children = (
				FE9CE3F8285A3DE90014B2CF /* Provider */,
				FE9CE3D7285A1ABC0014B2CF /* Api */,
				FE9CE3DA285A1E870014B2CF /* App */,
				FE9CE3A4285A09800014B2CF /* AppDelegate.swift */,
				FE9CE3EB285A22320014B2CF /* Extensions */,
				FE9CE3C1285A0AB10014B2CF /* Manager */,
				FE9CE3E8285A22180014B2CF /* Model */,
				FE9CE3BC285A09B70014B2CF /* Screen */,
				FE9CE3BE285A0AA10014B2CF /* Service */,
				FE9CE3E5285A20340014B2CF /* ViewModelType */,
				FE9CE3AD285A09830014B2CF /* Assets.xcassets */,
				FE9CE3B2285A09830014B2CF /* Info.plist */,
				FE9CE3AF285A09830014B2CF /* LaunchScreen.storyboard */,
			);
			path = GithubUser;
			sourceTree = "<group>";
		};
		FE9CE3BC285A09B70014B2CF /* Screen */ = {
			isa = PBXGroup;
			children = (
				FEA782A4285B1821000A7063 /* UserDetail */,
				FE9CE3BD285A09BE0014B2CF /* UsersVC */,
			);
			path = Screen;
			sourceTree = "<group>";
		};
		FE9CE3BD285A09BE0014B2CF /* UsersVC */ = {
			isa = PBXGroup;
			children = (
				FE9CE3FD285AAB6F0014B2CF /* Cell */,
				FE9CE3DF285A1F280014B2CF /* DefaultUserNavigator.swift */,
				FE9CE3E1285A1F380014B2CF /* DefaultUsersUseCase.swift */,
				FE9CE3B8285A09B10014B2CF /* UsersViewController.swift */,
				FE9CE3B9285A09B10014B2CF /* UsersViewController.xib */,
				FE9CE3E3285A201A0014B2CF /* UsersViewModel.swift */,
			);
			path = UsersVC;
			sourceTree = "<group>";
		};
		FE9CE3BE285A0AA10014B2CF /* Service */ = {
			isa = PBXGroup;
			children = (
				FE9CE3CD285A13AF0014B2CF /* GithubRouter.swift */,
				FE9CE3F0285A25910014B2CF /* GithubService.swift */,
			);
			path = Service;
			sourceTree = "<group>";
		};
		FE9CE3C1285A0AB10014B2CF /* Manager */ = {
			isa = PBXGroup;
			children = (
				FE9CE3BF285A0AAC0014B2CF /* ApiClient.swift */,
				FE9CE3CA285A11060014B2CF /* Router.swift */,
			);
			path = Manager;
			sourceTree = "<group>";
		};
		FE9CE3D7285A1ABC0014B2CF /* Api */ = {
			isa = PBXGroup;
			children = (
				FE9CE3D8285A1AC50014B2CF /* Api.swift */,
			);
			path = Api;
			sourceTree = "<group>";
		};
		FE9CE3DA285A1E870014B2CF /* App */ = {
			isa = PBXGroup;
			children = (
				FE9CE3DB285A1E950014B2CF /* App.swift */,
				FE9CE3DD285A1EA10014B2CF /* AppString.swift */,
				FE9CE3F6285A350A0014B2CF /* Application.swift */,
			);
			path = App;
			sourceTree = "<group>";
		};
		FE9CE3E5285A20340014B2CF /* ViewModelType */ = {
			isa = PBXGroup;
			children = (
				FE9CE3E6285A20400014B2CF /* ViewModelType.swift */,
			);
			path = ViewModelType;
			sourceTree = "<group>";
		};
		FE9CE3E8285A22180014B2CF /* Model */ = {
			isa = PBXGroup;
			children = (
				FE9CE3E9285A22240014B2CF /* UserDTO.swift */,
			);
			path = Model;
			sourceTree = "<group>";
		};
		FE9CE3EB285A22320014B2CF /* Extensions */ = {
			isa = PBXGroup;
			children = (
				FE9CE3EC285A23440014B2CF /* KeyedDecodingContainer+Extensions.swift */,
				FE9CE3EE285A24970014B2CF /* ObservableConvertibleType+Extensions.swift */,
				FE9CE3F4285A33080014B2CF /* ObservableType+Extensions.swift */,
				FE9CE402285AAEBF0014B2CF /* TableView+Extensions.swift */,
				FE9CE407285AC34E0014B2CF /* UIImageView+Extensions.swift */,
				FEA782AF285B2AD8000A7063 /* UIView+Extensions.swift */,
			);
			path = Extensions;
			sourceTree = "<group>";
		};
		FE9CE3F8285A3DE90014B2CF /* Provider */ = {
			isa = PBXGroup;
			children = (
				FE9CE3F9285A3DF60014B2CF /* UseCaseProvider.swift */,
			);
			path = Provider;
			sourceTree = "<group>";
		};
		FE9CE3FD285AAB6F0014B2CF /* Cell */ = {
			isa = PBXGroup;
			children = (
				FE9CE3FE285AAB880014B2CF /* UsersTableCell.swift */,
				FE9CE3FF285AAB880014B2CF /* UsersTableCell.xib */,
			);
			path = Cell;
			sourceTree = "<group>";
		};
		FEA782A4285B1821000A7063 /* UserDetail */ = {
			isa = PBXGroup;
			children = (
				FEA782AB285B1CED000A7063 /* UserDetailNavigator.swift */,
				FEA782A9285B1CDD000A7063 /* UserDetailUseCase.swift */,
				FEA782A5285B1C58000A7063 /* UserDetailViewController.swift */,
				FEA782A6285B1C58000A7063 /* UserDetailViewController.xib */,
				FEA782AD285B1CFD000A7063 /* UserDetailViewModel.swift */,
			);
			path = UserDetail;
			sourceTree = "<group>";
		};
/* End PBXGroup section */

/* Begin PBXNativeTarget section */
		FE9CE3A0285A09800014B2CF /* GithubUser */ = {
			isa = PBXNativeTarget;
			buildConfigurationList = FE9CE3B5285A09830014B2CF /* Build configuration list for PBXNativeTarget "GithubUser" */;
			buildPhases = (
				FE9CE39D285A09800014B2CF /* Sources */,
				FE9CE39E285A09800014B2CF /* Frameworks */,
				FE9CE39F285A09800014B2CF /* Resources */,
			);
			buildRules = (
			);
			dependencies = (
			);
			name = GithubUser;
			packageProductDependencies = (
				FE9CE3D0285A164A0014B2CF /* Alamofire */,
				FE9CE3D3285A165C0014B2CF /* RxCocoa */,
				FE9CE3D5285A165C0014B2CF /* RxSwift */,
				FE9CE405285AC30C0014B2CF /* SDWebImage */,
			);
			productName = GithubUser;
			productReference = FE9CE3A1285A09800014B2CF /* GithubUser.app */;
			productType = "com.apple.product-type.application";
		};
/* End PBXNativeTarget section */

/* Begin PBXProject section */
		FE9CE399285A09800014B2CF /* Project object */ = {
			isa = PBXProject;
			attributes = {
				BuildIndependentTargetsInParallel = 1;
				LastSwiftUpdateCheck = 1330;
				LastUpgradeCheck = 1330;
				TargetAttributes = {
					FE9CE3A0285A09800014B2CF = {
						CreatedOnToolsVersion = 13.3;
					};
				};
			};
			buildConfigurationList = FE9CE39C285A09800014B2CF /* Build configuration list for PBXProject "GithubUser" */;
			compatibilityVersion = "Xcode 13.0";
			developmentRegion = en;
			hasScannedForEncodings = 0;
			knownRegions = (
				en,
				Base,
			);
			mainGroup = FE9CE398285A09800014B2CF;
			packageReferences = (
				FE9CE3CF285A164A0014B2CF /* XCRemoteSwiftPackageReference "Alamofire" */,
				FE9CE3D2285A165C0014B2CF /* XCRemoteSwiftPackageReference "RxSwift" */,
				FE9CE404285AC30C0014B2CF /* XCRemoteSwiftPackageReference "SDWebImage" */,
			);
			productRefGroup = FE9CE3A2285A09800014B2CF /* Products */;
			projectDirPath = "";
			projectRoot = "";
			targets = (
				FE9CE3A0285A09800014B2CF /* GithubUser */,
			);
		};
/* End PBXProject section */

/* Begin PBXResourcesBuildPhase section */
		FE9CE39F285A09800014B2CF /* Resources */ = {
			isa = PBXResourcesBuildPhase;
			buildActionMask = 2147483647;
			files = (
				FE9CE3B1285A09830014B2CF /* LaunchScreen.storyboard in Resources */,
				FEA782A8285B1C58000A7063 /* UserDetailViewController.xib in Resources */,
				FE9CE401285AAB880014B2CF /* UsersTableCell.xib in Resources */,
				FE9CE3BB285A09B10014B2CF /* UsersViewController.xib in Resources */,
				FE9CE3AE285A09830014B2CF /* Assets.xcassets in Resources */,
			);
			runOnlyForDeploymentPostprocessing = 0;
		};
/* End PBXResourcesBuildPhase section */

/* Begin PBXSourcesBuildPhase section */
		FE9CE39D285A09800014B2CF /* Sources */ = {
			isa = PBXSourcesBuildPhase;
			buildActionMask = 2147483647;
			files = (
				FE9CE3F7285A350A0014B2CF /* Application.swift in Sources */,
				FE9CE3E4285A201A0014B2CF /* UsersViewModel.swift in Sources */,
				FE9CE408285AC34E0014B2CF /* UIImageView+Extensions.swift in Sources */,
				FE9CE3E2285A1F380014B2CF /* DefaultUsersUseCase.swift in Sources */,
				FE9CE3F1285A25910014B2CF /* GithubService.swift in Sources */,
				FEA782AA285B1CDD000A7063 /* UserDetailUseCase.swift in Sources */,
				FE9CE3D9285A1AC50014B2CF /* Api.swift in Sources */,
				FE9CE3E0285A1F280014B2CF /* DefaultUserNavigator.swift in Sources */,
				FE9CE3FA285A3DF60014B2CF /* UseCaseProvider.swift in Sources */,
				FEA782A7285B1C58000A7063 /* UserDetailViewController.swift in Sources */,
				FE9CE3CB285A11060014B2CF /* Router.swift in Sources */,
				FE9CE3EA285A22240014B2CF /* UserDTO.swift in Sources */,
				FEA782B0285B2AD8000A7063 /* UIView+Extensions.swift in Sources */,
				FEA782AE285B1CFD000A7063 /* UserDetailViewModel.swift in Sources */,
				FE9CE3A5285A09800014B2CF /* AppDelegate.swift in Sources */,
				FEA782AC285B1CED000A7063 /* UserDetailNavigator.swift in Sources */,
				FE9CE403285AAEBF0014B2CF /* TableView+Extensions.swift in Sources */,
				FE9CE3BA285A09B10014B2CF /* UsersViewController.swift in Sources */,
				FE9CE3EF285A24970014B2CF /* ObservableConvertibleType+Extensions.swift in Sources */,
				FE9CE3F5285A33080014B2CF /* ObservableType+Extensions.swift in Sources */,
				FE9CE3C0285A0AAC0014B2CF /* ApiClient.swift in Sources */,
				FE9CE3E7285A20400014B2CF /* ViewModelType.swift in Sources */,
				FE9CE3DC285A1E950014B2CF /* App.swift in Sources */,
				FE9CE3DE285A1EA10014B2CF /* AppString.swift in Sources */,
				FE9CE400285AAB880014B2CF /* UsersTableCell.swift in Sources */,
				FE9CE3CE285A13AF0014B2CF /* GithubRouter.swift in Sources */,
				FE9CE3ED285A23440014B2CF /* KeyedDecodingContainer+Extensions.swift in Sources */,
			);
			runOnlyForDeploymentPostprocessing = 0;
		};
/* End PBXSourcesBuildPhase section */

/* Begin PBXVariantGroup section */
		FE9CE3AF285A09830014B2CF /* LaunchScreen.storyboard */ = {
			isa = PBXVariantGroup;
			children = (
				FE9CE3B0285A09830014B2CF /* Base */,
			);
			name = LaunchScreen.storyboard;
			sourceTree = "<group>";
		};
/* End PBXVariantGroup section */

/* Begin XCBuildConfiguration section */
		FE9CE3B3285A09830014B2CF /* Debug */ = {
			isa = XCBuildConfiguration;
			buildSettings = {
				ALWAYS_SEARCH_USER_PATHS = NO;
				CLANG_ANALYZER_NONNULL = YES;
				CLANG_ANALYZER_NUMBER_OBJECT_CONVERSION = YES_AGGRESSIVE;
				CLANG_CXX_LANGUAGE_STANDARD = "gnu++17";
				CLANG_ENABLE_MODULES = YES;
				CLANG_ENABLE_OBJC_ARC = YES;
				CLANG_ENABLE_OBJC_WEAK = YES;
				CLANG_WARN_BLOCK_CAPTURE_AUTORELEASING = YES;
				CLANG_WARN_BOOL_CONVERSION = YES;
				CLANG_WARN_COMMA = YES;
				CLANG_WARN_CONSTANT_CONVERSION = YES;
				CLANG_WARN_DEPRECATED_OBJC_IMPLEMENTATIONS = YES;
				CLANG_WARN_DIRECT_OBJC_ISA_USAGE = YES_ERROR;
				CLANG_WARN_DOCUMENTATION_COMMENTS = YES;
				CLANG_WARN_EMPTY_BODY = YES;
				CLANG_WARN_ENUM_CONVERSION = YES;
				CLANG_WARN_INFINITE_RECURSION = YES;
				CLANG_WARN_INT_CONVERSION = YES;
				CLANG_WARN_NON_LITERAL_NULL_CONVERSION = YES;
				CLANG_WARN_OBJC_IMPLICIT_RETAIN_SELF = YES;
				CLANG_WARN_OBJC_LITERAL_CONVERSION = YES;
				CLANG_WARN_OBJC_ROOT_CLASS = YES_ERROR;
				CLANG_WARN_QUOTED_INCLUDE_IN_FRAMEWORK_HEADER = YES;
				CLANG_WARN_RANGE_LOOP_ANALYSIS = YES;
				CLANG_WARN_STRICT_PROTOTYPES = YES;
				CLANG_WARN_SUSPICIOUS_MOVE = YES;
				CLANG_WARN_UNGUARDED_AVAILABILITY = YES_AGGRESSIVE;
				CLANG_WARN_UNREACHABLE_CODE = YES;
				CLANG_WARN__DUPLICATE_METHOD_MATCH = YES;
				COPY_PHASE_STRIP = NO;
				DEBUG_INFORMATION_FORMAT = dwarf;
				ENABLE_STRICT_OBJC_MSGSEND = YES;
				ENABLE_TESTABILITY = YES;
				GCC_C_LANGUAGE_STANDARD = gnu11;
				GCC_DYNAMIC_NO_PIC = NO;
				GCC_NO_COMMON_BLOCKS = YES;
				GCC_OPTIMIZATION_LEVEL = 0;
				GCC_PREPROCESSOR_DEFINITIONS = (
					"DEBUG=1",
					"$(inherited)",
				);
				GCC_WARN_64_TO_32_BIT_CONVERSION = YES;
				GCC_WARN_ABOUT_RETURN_TYPE = YES_ERROR;
				GCC_WARN_UNDECLARED_SELECTOR = YES;
				GCC_WARN_UNINITIALIZED_AUTOS = YES_AGGRESSIVE;
				GCC_WARN_UNUSED_FUNCTION = YES;
				GCC_WARN_UNUSED_VARIABLE = YES;
				IPHONEOS_DEPLOYMENT_TARGET = 13.0;
				MTL_ENABLE_DEBUG_INFO = INCLUDE_SOURCE;
				MTL_FAST_MATH = YES;
				ONLY_ACTIVE_ARCH = YES;
				SDKROOT = iphoneos;
				SWIFT_ACTIVE_COMPILATION_CONDITIONS = DEBUG;
				SWIFT_OPTIMIZATION_LEVEL = "-Onone";
			};
			name = Debug;
		};
		FE9CE3B4285A09830014B2CF /* Release */ = {
			isa = XCBuildConfiguration;
			buildSettings = {
				ALWAYS_SEARCH_USER_PATHS = NO;
				CLANG_ANALYZER_NONNULL = YES;
				CLANG_ANALYZER_NUMBER_OBJECT_CONVERSION = YES_AGGRESSIVE;
				CLANG_CXX_LANGUAGE_STANDARD = "gnu++17";
				CLANG_ENABLE_MODULES = YES;
				CLANG_ENABLE_OBJC_ARC = YES;
				CLANG_ENABLE_OBJC_WEAK = YES;
				CLANG_WARN_BLOCK_CAPTURE_AUTORELEASING = YES;
				CLANG_WARN_BOOL_CONVERSION = YES;
				CLANG_WARN_COMMA = YES;
				CLANG_WARN_CONSTANT_CONVERSION = YES;
				CLANG_WARN_DEPRECATED_OBJC_IMPLEMENTATIONS = YES;
				CLANG_WARN_DIRECT_OBJC_ISA_USAGE = YES_ERROR;
				CLANG_WARN_DOCUMENTATION_COMMENTS = YES;
				CLANG_WARN_EMPTY_BODY = YES;
				CLANG_WARN_ENUM_CONVERSION = YES;
				CLANG_WARN_INFINITE_RECURSION = YES;
				CLANG_WARN_INT_CONVERSION = YES;
				CLANG_WARN_NON_LITERAL_NULL_CONVERSION = YES;
				CLANG_WARN_OBJC_IMPLICIT_RETAIN_SELF = YES;
				CLANG_WARN_OBJC_LITERAL_CONVERSION = YES;
				CLANG_WARN_OBJC_ROOT_CLASS = YES_ERROR;
				CLANG_WARN_QUOTED_INCLUDE_IN_FRAMEWORK_HEADER = YES;
				CLANG_WARN_RANGE_LOOP_ANALYSIS = YES;
				CLANG_WARN_STRICT_PROTOTYPES = YES;
				CLANG_WARN_SUSPICIOUS_MOVE = YES;
				CLANG_WARN_UNGUARDED_AVAILABILITY = YES_AGGRESSIVE;
				CLANG_WARN_UNREACHABLE_CODE = YES;
				CLANG_WARN__DUPLICATE_METHOD_MATCH = YES;
				COPY_PHASE_STRIP = NO;
				DEBUG_INFORMATION_FORMAT = "dwarf-with-dsym";
				ENABLE_NS_ASSERTIONS = NO;
				ENABLE_STRICT_OBJC_MSGSEND = YES;
				GCC_C_LANGUAGE_STANDARD = gnu11;
				GCC_NO_COMMON_BLOCKS = YES;
				GCC_WARN_64_TO_32_BIT_CONVERSION = YES;
				GCC_WARN_ABOUT_RETURN_TYPE = YES_ERROR;
				GCC_WARN_UNDECLARED_SELECTOR = YES;
				GCC_WARN_UNINITIALIZED_AUTOS = YES_AGGRESSIVE;
				GCC_WARN_UNUSED_FUNCTION = YES;
				GCC_WARN_UNUSED_VARIABLE = YES;
				IPHONEOS_DEPLOYMENT_TARGET = 13.0;
				MTL_ENABLE_DEBUG_INFO = NO;
				MTL_FAST_MATH = YES;
				SDKROOT = iphoneos;
				SWIFT_COMPILATION_MODE = wholemodule;
				SWIFT_OPTIMIZATION_LEVEL = "-O";
				VALIDATE_PRODUCT = YES;
			};
			name = Release;
		};
		FE9CE3B6285A09830014B2CF /* Debug */ = {
			isa = XCBuildConfiguration;
			buildSettings = {
				ASSETCATALOG_COMPILER_APPICON_NAME = AppIcon;
				ASSETCATALOG_COMPILER_GLOBAL_ACCENT_COLOR_NAME = AccentColor;
				CODE_SIGN_STYLE = Automatic;
				CURRENT_PROJECT_VERSION = 1;
				DEVELOPMENT_TEAM = 2MXG56LDD7;
				GENERATE_INFOPLIST_FILE = YES;
				INFOPLIST_FILE = GithubUser/Info.plist;
				INFOPLIST_KEY_UIApplicationSupportsIndirectInputEvents = YES;
				INFOPLIST_KEY_UILaunchStoryboardName = LaunchScreen;
				INFOPLIST_KEY_UISupportedInterfaceOrientations_iPad = "UIInterfaceOrientationPortrait UIInterfaceOrientationPortraitUpsideDown UIInterfaceOrientationLandscapeLeft UIInterfaceOrientationLandscapeRight";
				INFOPLIST_KEY_UISupportedInterfaceOrientations_iPhone = "UIInterfaceOrientationPortrait UIInterfaceOrientationLandscapeLeft UIInterfaceOrientationLandscapeRight";
				IPHONEOS_DEPLOYMENT_TARGET = 13.0;
				LD_RUNPATH_SEARCH_PATHS = (
					"$(inherited)",
					"@executable_path/Frameworks",
				);
				MARKETING_VERSION = 1.0;
				PRODUCT_BUNDLE_IDENTIFIER = com.lamle.GithubUser;
				PRODUCT_NAME = "$(TARGET_NAME)";
				SWIFT_EMIT_LOC_STRINGS = YES;
				SWIFT_VERSION = 5.0;
				TARGETED_DEVICE_FAMILY = "1,2";
			};
			name = Debug;
		};
		FE9CE3B7285A09830014B2CF /* Release */ = {
			isa = XCBuildConfiguration;
			buildSettings = {
				ASSETCATALOG_COMPILER_APPICON_NAME = AppIcon;
				ASSETCATALOG_COMPILER_GLOBAL_ACCENT_COLOR_NAME = AccentColor;
				CODE_SIGN_STYLE = Automatic;
				CURRENT_PROJECT_VERSION = 1;
				DEVELOPMENT_TEAM = 2MXG56LDD7;
				GENERATE_INFOPLIST_FILE = YES;
				INFOPLIST_FILE = GithubUser/Info.plist;
				INFOPLIST_KEY_UIApplicationSupportsIndirectInputEvents = YES;
				INFOPLIST_KEY_UILaunchStoryboardName = LaunchScreen;
				INFOPLIST_KEY_UISupportedInterfaceOrientations_iPad = "UIInterfaceOrientationPortrait UIInterfaceOrientationPortraitUpsideDown UIInterfaceOrientationLandscapeLeft UIInterfaceOrientationLandscapeRight";
				INFOPLIST_KEY_UISupportedInterfaceOrientations_iPhone = "UIInterfaceOrientationPortrait UIInterfaceOrientationLandscapeLeft UIInterfaceOrientationLandscapeRight";
				IPHONEOS_DEPLOYMENT_TARGET = 13.0;
				LD_RUNPATH_SEARCH_PATHS = (
					"$(inherited)",
					"@executable_path/Frameworks",
				);
				MARKETING_VERSION = 1.0;
				PRODUCT_BUNDLE_IDENTIFIER = com.lamle.GithubUser;
				PRODUCT_NAME = "$(TARGET_NAME)";
				SWIFT_EMIT_LOC_STRINGS = YES;
				SWIFT_VERSION = 5.0;
				TARGETED_DEVICE_FAMILY = "1,2";
			};
			name = Release;
		};
/* End XCBuildConfiguration section */

/* Begin XCConfigurationList section */
		FE9CE39C285A09800014B2CF /* Build configuration list for PBXProject "GithubUser" */ = {
			isa = XCConfigurationList;
			buildConfigurations = (
				FE9CE3B3285A09830014B2CF /* Debug */,
				FE9CE3B4285A09830014B2CF /* Release */,
			);
			defaultConfigurationIsVisible = 0;
			defaultConfigurationName = Release;
		};
		FE9CE3B5285A09830014B2CF /* Build configuration list for PBXNativeTarget "GithubUser" */ = {
			isa = XCConfigurationList;
			buildConfigurations = (
				FE9CE3B6285A09830014B2CF /* Debug */,
				FE9CE3B7285A09830014B2CF /* Release */,
			);
			defaultConfigurationIsVisible = 0;
			defaultConfigurationName = Release;
		};
/* End XCConfigurationList section */

/* Begin XCRemoteSwiftPackageReference section */
		FE9CE3CF285A164A0014B2CF /* XCRemoteSwiftPackageReference "Alamofire" */ = {
			isa = XCRemoteSwiftPackageReference;
			repositoryURL = "https://github.com/Alamofire/Alamofire";
			requirement = {
				branch = master;
				kind = branch;
			};
		};
		FE9CE3D2285A165C0014B2CF /* XCRemoteSwiftPackageReference "RxSwift" */ = {
			isa = XCRemoteSwiftPackageReference;
			repositoryURL = "https://github.com/ReactiveX/RxSwift";
			requirement = {
				branch = main;
				kind = branch;
			};
		};
		FE9CE404285AC30C0014B2CF /* XCRemoteSwiftPackageReference "SDWebImage" */ = {
			isa = XCRemoteSwiftPackageReference;
			repositoryURL = "https://github.com/SDWebImage/SDWebImage";
			requirement = {
				kind = upToNextMajorVersion;
				minimumVersion = 5.0.0;
			};
		};
/* End XCRemoteSwiftPackageReference section */

/* Begin XCSwiftPackageProductDependency section */
		FE9CE3D0285A164A0014B2CF /* Alamofire */ = {
			isa = XCSwiftPackageProductDependency;
			package = FE9CE3CF285A164A0014B2CF /* XCRemoteSwiftPackageReference "Alamofire" */;
			productName = Alamofire;
		};
		FE9CE3D3285A165C0014B2CF /* RxCocoa */ = {
			isa = XCSwiftPackageProductDependency;
			package = FE9CE3D2285A165C0014B2CF /* XCRemoteSwiftPackageReference "RxSwift" */;
			productName = RxCocoa;
		};
		FE9CE3D5285A165C0014B2CF /* RxSwift */ = {
			isa = XCSwiftPackageProductDependency;
			package = FE9CE3D2285A165C0014B2CF /* XCRemoteSwiftPackageReference "RxSwift" */;
			productName = RxSwift;
		};
		FE9CE405285AC30C0014B2CF /* SDWebImage */ = {
			isa = XCSwiftPackageProductDependency;
			package = FE9CE404285AC30C0014B2CF /* XCRemoteSwiftPackageReference "SDWebImage" */;
			productName = SDWebImage;
		};
/* End XCSwiftPackageProductDependency section */
	};
	rootObject = FE9CE399285A09800014B2CF /* Project object */;
}
