// !$*UTF8*$!
{
	archiveVersion = 1;
	classes = {
	};
	objectVersion = 55;
	objects = {

/* Begin PBXBuildFile section */
		FE9CE3A5285A09800014B2CF /* AppDelegate.swift in Sources */ = {isa = PBXBuildFile; fileRef = FE9CE3A4285A09800014B2CF /* AppDelegate.swift */; };
		FE9CE3AE285A09830014B2CF /* Assets.xcassets in Resources */ = {isa = PBXBuildFile; fileRef = FE9CE3AD285A09830014B2CF /* Assets.xcassets */; };
		FE9CE3B1285A09830014B2CF /* LaunchScreen.storyboard in Resources */ = {isa = PBXBuildFile; fileRef = FE9CE3AF285A09830014B2CF /* LaunchScreen.storyboard */; };
		FE9CE3BA285A09B10014B2CF /* UsersViewController.swift in Sources */ = {isa = PBXBuildFile; fileRef = FE9CE3B8285A09B10014B2CF /* UsersViewController.swift */; };
		FE9CE3BB285A09B10014B2CF /* UsersViewController.xib in Resources */ = {isa = PBXBuildFile; fileRef = FE9CE3B9285A09B10014B2CF /* UsersViewController.xib */; };
		FE9CE3C0285A0AAC0014B2CF /* ApiClient.swift in Sources */ = {isa = PBXBuildFile; fileRef = FE9CE3BF285A0AAC0014B2CF /* ApiClient.swift */; };
		FE9CE3CB285A11060014B2CF /* Router.swift in Sources */ = {isa = PBXBuildFile; fileRef = FE9CE3CA285A11060014B2CF /* Router.swift */; };
		FE9CE3CE285A13AF0014B2CF /* GithubRouter.swift in Sources */ = {isa = PBXBuildFile; fileRef = FE9CE3CD285A13AF0014B2CF /* GithubRouter.swift */; };
		FE9CE3D1285A164A0014B2CF /* Alamofire in Frameworks */ = {isa = PBXBuildFile; productRef = FE9CE3D0285A164A0014B2CF /* Alamofire */; };
		FE9CE3D4285A165C0014B2CF /* RxCocoa in Frameworks */ = {isa = PBXBuildFile; productRef = FE9CE3D3285A165C0014B2CF /* RxCocoa */; };
		FE9CE3D6285A165C0014B2CF /* RxSwift in Frameworks */ = {isa = PBXBuildFile; productRef = FE9CE3D5285A165C0014B2CF /* RxSwift */; };
		FE9CE3D9285A1AC50014B2CF /* Api.swift in Sources */ = {isa = PBXBuildFile; fileRef = FE9CE3D8285A1AC50014B2CF /* Api.swift */; };
		FE9CE3DC285A1E950014B2CF /* App.swift in Sources */ = {isa = PBXBuildFile; fileRef = FE9CE3DB285A1E950014B2CF /* App.swift */; };
		FE9CE3DE285A1EA10014B2CF /* AppString.swift in Sources */ = {isa = PBXBuildFile; fileRef = FE9CE3DD285A1EA10014B2CF /* AppString.swift */; };
		FE9CE3E0285A1F280014B2CF /* DefaultUserNavigator.swift in Sources */ = {isa = PBXBuildFile; fileRef = FE9CE3DF285A1F280014B2CF /* DefaultUserNavigator.swift */; };
		FE9CE3E2285A1F380014B2CF /* DefaultUsersUseCase.swift in Sources */ = {isa = PBXBuildFile; fileRef = FE9CE3E1285A1F380014B2CF /* DefaultUsersUseCase.swift */; };
		FE9CE3E4285A201A0014B2CF /* UsersViewModel.swift in Sources */ = {isa = PBXBuildFile; fileRef = FE9CE3E3285A201A0014B2CF /* UsersViewModel.swift */; };
		FE9CE3E7285A20400014B2CF /* ViewModelType.swift in Sources */ = {isa = PBXBuildFile; fileRef = FE9CE3E6285A20400014B2CF /* ViewModelType.swift */; };
		FE9CE3EA285A22240014B2CF /* UserDTO.swift in Sources */ = {isa = PBXBuildFile; fileRef = FE9CE3E9285A22240014B2CF /* UserDTO.swift */; };
		FE9CE3F1285A25910014B2CF /* GithubService.swift in Sources */ = {isa = PBXBuildFile; fileRef = FE9CE3F0285A25910014B2CF /* GithubService.swift */; };
		FE9CE3F7285A350A0014B2CF /* Application.swift in Sources */ = {isa = PBXBuildFile; fileRef = FE9CE3F6285A350A0014B2CF /* Application.swift */; };
		FE9CE3FA285A3DF60014B2CF /* UseCaseProvider.swift in Sources */ = {isa = PBXBuildFile; fileRef = FE9CE3F9285A3DF60014B2CF /* UseCaseProvider.swift */; };
		FE9CE400285AAB880014B2CF /* UsersTableCell.swift in Sources */ = {isa = PBXBuildFile; fileRef = FE9CE3FE285AAB880014B2CF /* UsersTableCell.swift */; };
		FE9CE401285AAB880014B2CF /* UsersTableCell.xib in Resources */ = {isa = PBXBuildFile; fileRef = FE9CE3FF285AAB880014B2CF /* UsersTableCell.xib */; };
		FE9CE406285AC30C0014B2CF /* SDWebImage in Frameworks */ = {isa = PBXBuildFile; productRef = FE9CE405285AC30C0014B2CF /* SDWebImage */; };
		FEA782A7285B1C58000A7063 /* UserDetailViewController.swift in Sources */ = {isa = PBXBuildFile; fileRef = FEA782A5285B1C58000A7063 /* UserDetailViewController.swift */; };
		FEA782A8285B1C58000A7063 /* UserDetailViewController.xib in Resources */ = {isa = PBXBuildFile; fileRef = FEA782A6285B1C58000A7063 /* UserDetailViewController.xib */; };
		FEA782AA285B1CDD000A7063 /* UserDetailUseCase.swift in Sources */ = {isa = PBXBuildFile; fileRef = FEA782A9285B1CDD000A7063 /* UserDetailUseCase.swift */; };
		FEA782AE285B1CFD000A7063 /* UserDetailViewModel.swift in Sources */ = {isa = PBXBuildFile; fileRef = FEA782AD285B1CFD000A7063 /* UserDetailViewModel.swift */; };
		FEA782B3285B41A6000A7063 /* UserDetailStatisticsView.swift in Sources */ = {isa = PBXBuildFile; fileRef = FEA782B2285B41A6000A7063 /* UserDetailStatisticsView.swift */; };
		FEA782B5285B41B3000A7063 /* UserDetailStatisticsView.xib in Resources */ = {isa = PBXBuildFile; fileRef = FEA782B4285B41B3000A7063 /* UserDetailStatisticsView.xib */; };
		FEA782B7285C20B4000A7063 /* Cache.swift in Sources */ = {isa = PBXBuildFile; fileRef = FEA782B6285C20B4000A7063 /* Cache.swift */; };
		FEBADE81285DB7E500022DA2 /* GithubServiceTests.swift in Sources */ = {isa = PBXBuildFile; fileRef = FEBADE7B285DB7E400022DA2 /* GithubServiceTests.swift */; };
		FEBADE82285DB7E500022DA2 /* MockApiClient.swift in Sources */ = {isa = PBXBuildFile; fileRef = FEBADE7C285DB7E400022DA2 /* MockApiClient.swift */; };
		FEBADE83285DB7E500022DA2 /* ExpectEqual.swift in Sources */ = {isa = PBXBuildFile; fileRef = FEBADE7E285DB7E400022DA2 /* ExpectEqual.swift */; };
		FEBADE84285DB7E500022DA2 /* RxBlocking+Extensions.swift in Sources */ = {isa = PBXBuildFile; fileRef = FEBADE7F285DB7E400022DA2 /* RxBlocking+Extensions.swift */; };
		FEBADE85285DB7E500022DA2 /* NetworkError+Extensions.swift in Sources */ = {isa = PBXBuildFile; fileRef = FEBADE80285DB7E400022DA2 /* NetworkError+Extensions.swift */; };
		FEBADF6F285E308600022DA2 /* Extensions.framework in Frameworks */ = {isa = PBXBuildFile; fileRef = FEBADF6D285E303A00022DA2 /* Extensions.framework */; };
		FEBADF70285E308600022DA2 /* Extensions.framework in Embed Frameworks */ = {isa = PBXBuildFile; fileRef = FEBADF6D285E303A00022DA2 /* Extensions.framework */; settings = {ATTRIBUTES = (CodeSignOnCopy, RemoveHeadersOnCopy, ); }; };
		FEC5A9CE285C647200BFE925 /* RxBlocking in Frameworks */ = {isa = PBXBuildFile; productRef = FEC5A9CD285C647200BFE925 /* RxBlocking */; };
		FEC5AA63285C773E00BFE925 /* ResponseCacheKey.swift in Sources */ = {isa = PBXBuildFile; fileRef = FEC5AA62285C773E00BFE925 /* ResponseCacheKey.swift */; };
/* End PBXBuildFile section */

/* Begin PBXContainerItemProxy section */
		FEBADE75285DB77800022DA2 /* PBXContainerItemProxy */ = {
			isa = PBXContainerItemProxy;
			containerPortal = FE9CE399285A09800014B2CF /* Project object */;
			proxyType = 1;
			remoteGlobalIDString = FE9CE3A0285A09800014B2CF;
			remoteInfo = GithubUser;
		};
		FEBADF1A285E2CD500022DA2 /* PBXContainerItemProxy */ = {
			isa = PBXContainerItemProxy;
			containerPortal = FEBADF16285E2CD400022DA2 /* UserDetail.xcodeproj */;
			proxyType = 2;
			remoteGlobalIDString = FEBADF0C285E2CC500022DA2;
			remoteInfo = UserDetail;
		};
		FEBADF6C285E303A00022DA2 /* PBXContainerItemProxy */ = {
			isa = PBXContainerItemProxy;
			containerPortal = FEBADF68285E303A00022DA2 /* Extensions.xcodeproj */;
			proxyType = 2;
			remoteGlobalIDString = FEBADF38285E2E7700022DA2;
			remoteInfo = Extensions;
		};
/* End PBXContainerItemProxy section */

/* Begin PBXCopyFilesBuildPhase section */
		FEBADF64285E2F3D00022DA2 /* Embed Frameworks */ = {
			isa = PBXCopyFilesBuildPhase;
			buildActionMask = 2147483647;
			dstPath = "";
			dstSubfolderSpec = 10;
			files = (
				FEBADF70285E308600022DA2 /* Extensions.framework in Embed Frameworks */,
			);
			name = "Embed Frameworks";
			runOnlyForDeploymentPostprocessing = 0;
		};
/* End PBXCopyFilesBuildPhase section */

/* Begin PBXFileReference section */
		FE9CE3A1285A09800014B2CF /* GithubUser.app */ = {isa = PBXFileReference; explicitFileType = wrapper.application; includeInIndex = 0; path = GithubUser.app; sourceTree = BUILT_PRODUCTS_DIR; };
		FE9CE3A4285A09800014B2CF /* AppDelegate.swift */ = {isa = PBXFileReference; lastKnownFileType = sourcecode.swift; path = AppDelegate.swift; sourceTree = "<group>"; };
		FE9CE3AD285A09830014B2CF /* Assets.xcassets */ = {isa = PBXFileReference; lastKnownFileType = folder.assetcatalog; path = Assets.xcassets; sourceTree = "<group>"; };
		FE9CE3B0285A09830014B2CF /* Base */ = {isa = PBXFileReference; lastKnownFileType = file.storyboard; name = Base; path = Base.lproj/LaunchScreen.storyboard; sourceTree = "<group>"; };
		FE9CE3B2285A09830014B2CF /* Info.plist */ = {isa = PBXFileReference; lastKnownFileType = text.plist.xml; path = Info.plist; sourceTree = "<group>"; };
		FE9CE3B8285A09B10014B2CF /* UsersViewController.swift */ = {isa = PBXFileReference; lastKnownFileType = sourcecode.swift; path = UsersViewController.swift; sourceTree = "<group>"; };
		FE9CE3B9285A09B10014B2CF /* UsersViewController.xib */ = {isa = PBXFileReference; lastKnownFileType = file.xib; path = UsersViewController.xib; sourceTree = "<group>"; };
		FE9CE3BF285A0AAC0014B2CF /* ApiClient.swift */ = {isa = PBXFileReference; lastKnownFileType = sourcecode.swift; path = ApiClient.swift; sourceTree = "<group>"; };
		FE9CE3CA285A11060014B2CF /* Router.swift */ = {isa = PBXFileReference; lastKnownFileType = sourcecode.swift; path = Router.swift; sourceTree = "<group>"; };
		FE9CE3CD285A13AF0014B2CF /* GithubRouter.swift */ = {isa = PBXFileReference; lastKnownFileType = sourcecode.swift; path = GithubRouter.swift; sourceTree = "<group>"; };
		FE9CE3D8285A1AC50014B2CF /* Api.swift */ = {isa = PBXFileReference; lastKnownFileType = sourcecode.swift; path = Api.swift; sourceTree = "<group>"; };
		FE9CE3DB285A1E950014B2CF /* App.swift */ = {isa = PBXFileReference; lastKnownFileType = sourcecode.swift; path = App.swift; sourceTree = "<group>"; };
		FE9CE3DD285A1EA10014B2CF /* AppString.swift */ = {isa = PBXFileReference; lastKnownFileType = sourcecode.swift; path = AppString.swift; sourceTree = "<group>"; };
		FE9CE3DF285A1F280014B2CF /* DefaultUserNavigator.swift */ = {isa = PBXFileReference; lastKnownFileType = sourcecode.swift; path = DefaultUserNavigator.swift; sourceTree = "<group>"; };
		FE9CE3E1285A1F380014B2CF /* DefaultUsersUseCase.swift */ = {isa = PBXFileReference; lastKnownFileType = sourcecode.swift; path = DefaultUsersUseCase.swift; sourceTree = "<group>"; };
		FE9CE3E3285A201A0014B2CF /* UsersViewModel.swift */ = {isa = PBXFileReference; lastKnownFileType = sourcecode.swift; path = UsersViewModel.swift; sourceTree = "<group>"; };
		FE9CE3E6285A20400014B2CF /* ViewModelType.swift */ = {isa = PBXFileReference; lastKnownFileType = sourcecode.swift; path = ViewModelType.swift; sourceTree = "<group>"; };
		FE9CE3E9285A22240014B2CF /* UserDTO.swift */ = {isa = PBXFileReference; lastKnownFileType = sourcecode.swift; path = UserDTO.swift; sourceTree = "<group>"; };
		FE9CE3F0285A25910014B2CF /* GithubService.swift */ = {isa = PBXFileReference; lastKnownFileType = sourcecode.swift; path = GithubService.swift; sourceTree = "<group>"; };
		FE9CE3F6285A350A0014B2CF /* Application.swift */ = {isa = PBXFileReference; lastKnownFileType = sourcecode.swift; path = Application.swift; sourceTree = "<group>"; };
		FE9CE3F9285A3DF60014B2CF /* UseCaseProvider.swift */ = {isa = PBXFileReference; lastKnownFileType = sourcecode.swift; path = UseCaseProvider.swift; sourceTree = "<group>"; };
		FE9CE3FE285AAB880014B2CF /* UsersTableCell.swift */ = {isa = PBXFileReference; lastKnownFileType = sourcecode.swift; path = UsersTableCell.swift; sourceTree = "<group>"; };
		FE9CE3FF285AAB880014B2CF /* UsersTableCell.xib */ = {isa = PBXFileReference; lastKnownFileType = file.xib; path = UsersTableCell.xib; sourceTree = "<group>"; };
		FEA782A5285B1C58000A7063 /* UserDetailViewController.swift */ = {isa = PBXFileReference; lastKnownFileType = sourcecode.swift; path = UserDetailViewController.swift; sourceTree = "<group>"; };
		FEA782A6285B1C58000A7063 /* UserDetailViewController.xib */ = {isa = PBXFileReference; lastKnownFileType = file.xib; path = UserDetailViewController.xib; sourceTree = "<group>"; };
		FEA782A9285B1CDD000A7063 /* UserDetailUseCase.swift */ = {isa = PBXFileReference; lastKnownFileType = sourcecode.swift; path = UserDetailUseCase.swift; sourceTree = "<group>"; };
		FEA782AD285B1CFD000A7063 /* UserDetailViewModel.swift */ = {isa = PBXFileReference; lastKnownFileType = sourcecode.swift; path = UserDetailViewModel.swift; sourceTree = "<group>"; };
		FEA782B2285B41A6000A7063 /* UserDetailStatisticsView.swift */ = {isa = PBXFileReference; lastKnownFileType = sourcecode.swift; path = UserDetailStatisticsView.swift; sourceTree = "<group>"; };
		FEA782B4285B41B3000A7063 /* UserDetailStatisticsView.xib */ = {isa = PBXFileReference; lastKnownFileType = file.xib; path = UserDetailStatisticsView.xib; sourceTree = "<group>"; };
		FEA782B6285C20B4000A7063 /* Cache.swift */ = {isa = PBXFileReference; lastKnownFileType = sourcecode.swift; path = Cache.swift; sourceTree = "<group>"; };
		FEBADE71285DB77800022DA2 /* GithubUserTests.xctest */ = {isa = PBXFileReference; explicitFileType = wrapper.cfbundle; includeInIndex = 0; path = GithubUserTests.xctest; sourceTree = BUILT_PRODUCTS_DIR; };
		FEBADE7B285DB7E400022DA2 /* GithubServiceTests.swift */ = {isa = PBXFileReference; fileEncoding = 4; lastKnownFileType = sourcecode.swift; path = GithubServiceTests.swift; sourceTree = "<group>"; };
		FEBADE7C285DB7E400022DA2 /* MockApiClient.swift */ = {isa = PBXFileReference; fileEncoding = 4; lastKnownFileType = sourcecode.swift; path = MockApiClient.swift; sourceTree = "<group>"; };
		FEBADE7E285DB7E400022DA2 /* ExpectEqual.swift */ = {isa = PBXFileReference; fileEncoding = 4; lastKnownFileType = sourcecode.swift; path = ExpectEqual.swift; sourceTree = "<group>"; };
		FEBADE7F285DB7E400022DA2 /* RxBlocking+Extensions.swift */ = {isa = PBXFileReference; fileEncoding = 4; lastKnownFileType = sourcecode.swift; path = "RxBlocking+Extensions.swift"; sourceTree = "<group>"; };
		FEBADE80285DB7E400022DA2 /* NetworkError+Extensions.swift */ = {isa = PBXFileReference; fileEncoding = 4; lastKnownFileType = sourcecode.swift; path = "NetworkError+Extensions.swift"; sourceTree = "<group>"; };
		FEBADF16285E2CD400022DA2 /* UserDetail.xcodeproj */ = {isa = PBXFileReference; lastKnownFileType = "wrapper.pb-project"; name = UserDetail.xcodeproj; path = UserDetail/UserDetail.xcodeproj; sourceTree = "<group>"; };
		FEBADF68285E303A00022DA2 /* Extensions.xcodeproj */ = {isa = PBXFileReference; lastKnownFileType = "wrapper.pb-project"; name = Extensions.xcodeproj; path = Extensions/Extensions.xcodeproj; sourceTree = "<group>"; };
		FEC5AA62285C773E00BFE925 /* ResponseCacheKey.swift */ = {isa = PBXFileReference; lastKnownFileType = sourcecode.swift; path = ResponseCacheKey.swift; sourceTree = "<group>"; };
/* End PBXFileReference section */

/* Begin PBXFrameworksBuildPhase section */
		FE9CE39E285A09800014B2CF /* Frameworks */ = {
			isa = PBXFrameworksBuildPhase;
			buildActionMask = 2147483647;
			files = (
				FE9CE3D6285A165C0014B2CF /* RxSwift in Frameworks */,
				FE9CE3D4285A165C0014B2CF /* RxCocoa in Frameworks */,
				FEBADF6F285E308600022DA2 /* Extensions.framework in Frameworks */,
				FE9CE406285AC30C0014B2CF /* SDWebImage in Frameworks */,
				FE9CE3D1285A164A0014B2CF /* Alamofire in Frameworks */,
				FEC5A9CE285C647200BFE925 /* RxBlocking in Frameworks */,
			);
			runOnlyForDeploymentPostprocessing = 0;
		};
		FEBADE6E285DB77800022DA2 /* Frameworks */ = {
			isa = PBXFrameworksBuildPhase;
			buildActionMask = 2147483647;
			files = (
			);
			runOnlyForDeploymentPostprocessing = 0;
		};
/* End PBXFrameworksBuildPhase section */

/* Begin PBXGroup section */
		FE9CE398285A09800014B2CF = {
			isa = PBXGroup;
			children = (
				FE9CE3A3285A09800014B2CF /* GithubUser */,
				FEBADE72285DB77800022DA2 /* GithubUserTests */,
				FE9CE3A2285A09800014B2CF /* Products */,
				FEBADF61285E2F3D00022DA2 /* Frameworks */,
			);
			sourceTree = "<group>";
		};
		FE9CE3A2285A09800014B2CF /* Products */ = {
			isa = PBXGroup;
			children = (
				FE9CE3A1285A09800014B2CF /* GithubUser.app */,
				FEBADE71285DB77800022DA2 /* GithubUserTests.xctest */,
			);
			name = Products;
			sourceTree = "<group>";
		};
		FE9CE3A3285A09800014B2CF /* GithubUser */ = {
			isa = PBXGroup;
			children = (
				FEBADF68285E303A00022DA2 /* Extensions.xcodeproj */,
				FE9CE3F8285A3DE90014B2CF /* Provider */,
				FE9CE3D7285A1ABC0014B2CF /* Api */,
				FE9CE3DA285A1E870014B2CF /* App */,
				FE9CE3A4285A09800014B2CF /* AppDelegate.swift */,
				FE9CE3C1285A0AB10014B2CF /* Manager */,
				FE9CE3E8285A22180014B2CF /* Model */,
				FE9CE3BC285A09B70014B2CF /* Screen */,
				FE9CE3BE285A0AA10014B2CF /* Service */,
				FE9CE3E5285A20340014B2CF /* ViewModelType */,
				FE9CE3AD285A09830014B2CF /* Assets.xcassets */,
				FE9CE3B2285A09830014B2CF /* Info.plist */,
				FE9CE3AF285A09830014B2CF /* LaunchScreen.storyboard */,
			);
			path = GithubUser;
			sourceTree = "<group>";
		};
		FE9CE3BC285A09B70014B2CF /* Screen */ = {
			isa = PBXGroup;
			children = (
				FEBADF16285E2CD400022DA2 /* UserDetail.xcodeproj */,
				FEA782A4285B1821000A7063 /* UserDetail1 */,
				FE9CE3BD285A09BE0014B2CF /* UsersVC */,
			);
			path = Screen;
			sourceTree = "<group>";
		};
		FE9CE3BD285A09BE0014B2CF /* UsersVC */ = {
			isa = PBXGroup;
			children = (
				FE9CE3FD285AAB6F0014B2CF /* Cell */,
				FE9CE3DF285A1F280014B2CF /* DefaultUserNavigator.swift */,
				FE9CE3E1285A1F380014B2CF /* DefaultUsersUseCase.swift */,
				FE9CE3B8285A09B10014B2CF /* UsersViewController.swift */,
				FE9CE3B9285A09B10014B2CF /* UsersViewController.xib */,
				FE9CE3E3285A201A0014B2CF /* UsersViewModel.swift */,
			);
			path = UsersVC;
			sourceTree = "<group>";
		};
		FE9CE3BE285A0AA10014B2CF /* Service */ = {
			isa = PBXGroup;
			children = (
				FE9CE3CD285A13AF0014B2CF /* GithubRouter.swift */,
				FE9CE3F0285A25910014B2CF /* GithubService.swift */,
			);
			path = Service;
			sourceTree = "<group>";
		};
		FE9CE3C1285A0AB10014B2CF /* Manager */ = {
			isa = PBXGroup;
			children = (
				FE9CE3BF285A0AAC0014B2CF /* ApiClient.swift */,
				FE9CE3CA285A11060014B2CF /* Router.swift */,
			);
			path = Manager;
			sourceTree = "<group>";
		};
		FE9CE3D7285A1ABC0014B2CF /* Api */ = {
			isa = PBXGroup;
			children = (
				FE9CE3D8285A1AC50014B2CF /* Api.swift */,
			);
			path = Api;
			sourceTree = "<group>";
		};
		FE9CE3DA285A1E870014B2CF /* App */ = {
			isa = PBXGroup;
			children = (
				FE9CE3DB285A1E950014B2CF /* App.swift */,
				FE9CE3DD285A1EA10014B2CF /* AppString.swift */,
				FE9CE3F6285A350A0014B2CF /* Application.swift */,
				FEC5AA62285C773E00BFE925 /* ResponseCacheKey.swift */,
			);
			path = App;
			sourceTree = "<group>";
		};
		FE9CE3E5285A20340014B2CF /* ViewModelType */ = {
			isa = PBXGroup;
			children = (
				FE9CE3E6285A20400014B2CF /* ViewModelType.swift */,
			);
			path = ViewModelType;
			sourceTree = "<group>";
		};
		FE9CE3E8285A22180014B2CF /* Model */ = {
			isa = PBXGroup;
			children = (
				FE9CE3E9285A22240014B2CF /* UserDTO.swift */,
				FEA782B6285C20B4000A7063 /* Cache.swift */,
			);
			path = Model;
			sourceTree = "<group>";
		};
		FE9CE3F8285A3DE90014B2CF /* Provider */ = {
			isa = PBXGroup;
			children = (
				FE9CE3F9285A3DF60014B2CF /* UseCaseProvider.swift */,
			);
			path = Provider;
			sourceTree = "<group>";
		};
		FE9CE3FD285AAB6F0014B2CF /* Cell */ = {
			isa = PBXGroup;
			children = (
				FE9CE3FE285AAB880014B2CF /* UsersTableCell.swift */,
				FE9CE3FF285AAB880014B2CF /* UsersTableCell.xib */,
			);
			path = Cell;
			sourceTree = "<group>";
		};
		FEA782A4285B1821000A7063 /* UserDetail1 */ = {
			isa = PBXGroup;
			children = (
				FEA782B1285B415B000A7063 /* UserDetailStatisticsView */,
				FEA782A9285B1CDD000A7063 /* UserDetailUseCase.swift */,
				FEA782A5285B1C58000A7063 /* UserDetailViewController.swift */,
				FEA782A6285B1C58000A7063 /* UserDetailViewController.xib */,
				FEA782AD285B1CFD000A7063 /* UserDetailViewModel.swift */,
			);
			path = UserDetail1;
			sourceTree = "<group>";
		};
		FEA782B1285B415B000A7063 /* UserDetailStatisticsView */ = {
			isa = PBXGroup;
			children = (
				FEA782B2285B41A6000A7063 /* UserDetailStatisticsView.swift */,
				FEA782B4285B41B3000A7063 /* UserDetailStatisticsView.xib */,
			);
			path = UserDetailStatisticsView;
			sourceTree = "<group>";
		};
		FEBADE72285DB77800022DA2 /* GithubUserTests */ = {
			isa = PBXGroup;
			children = (
				FEBADE7D285DB7E400022DA2 /* Extensions */,
				FEBADE7A285DB7E400022DA2 /* Service */,
			);
			path = GithubUserTests;
			sourceTree = "<group>";
		};
		FEBADE7A285DB7E400022DA2 /* Service */ = {
			isa = PBXGroup;
			children = (
				FEBADE7B285DB7E400022DA2 /* GithubServiceTests.swift */,
				FEBADE7C285DB7E400022DA2 /* MockApiClient.swift */,
			);
			path = Service;
			sourceTree = "<group>";
		};
		FEBADE7D285DB7E400022DA2 /* Extensions */ = {
			isa = PBXGroup;
			children = (
				FEBADE7E285DB7E400022DA2 /* ExpectEqual.swift */,
				FEBADE7F285DB7E400022DA2 /* RxBlocking+Extensions.swift */,
				FEBADE80285DB7E400022DA2 /* NetworkError+Extensions.swift */,
			);
			path = Extensions;
			sourceTree = "<group>";
		};
		FEBADF17285E2CD400022DA2 /* Products */ = {
			isa = PBXGroup;
			children = (
				FEBADF1B285E2CD500022DA2 /* UserDetail.framework */,
			);
			name = Products;
			sourceTree = "<group>";
		};
		FEBADF61285E2F3D00022DA2 /* Frameworks */ = {
			isa = PBXGroup;
			children = (
			);
			name = Frameworks;
			sourceTree = "<group>";
		};
		FEBADF69285E303A00022DA2 /* Products */ = {
			isa = PBXGroup;
			children = (
				FEBADF6D285E303A00022DA2 /* Extensions.framework */,
			);
			name = Products;
			sourceTree = "<group>";
		};
/* End PBXGroup section */

/* Begin PBXNativeTarget section */
		FE9CE3A0285A09800014B2CF /* GithubUser */ = {
			isa = PBXNativeTarget;
			buildConfigurationList = FE9CE3B5285A09830014B2CF /* Build configuration list for PBXNativeTarget "GithubUser" */;
			buildPhases = (
				FE9CE39D285A09800014B2CF /* Sources */,
				FE9CE39E285A09800014B2CF /* Frameworks */,
				FE9CE39F285A09800014B2CF /* Resources */,
				FEBADF64285E2F3D00022DA2 /* Embed Frameworks */,
			);
			buildRules = (
			);
			dependencies = (
			);
			name = GithubUser;
			packageProductDependencies = (
				FE9CE3D0285A164A0014B2CF /* Alamofire */,
				FE9CE3D3285A165C0014B2CF /* RxCocoa */,
				FE9CE3D5285A165C0014B2CF /* RxSwift */,
				FE9CE405285AC30C0014B2CF /* SDWebImage */,
				FEC5A9CD285C647200BFE925 /* RxBlocking */,
			);
			productName = GithubUser;
			productReference = FE9CE3A1285A09800014B2CF /* GithubUser.app */;
			productType = "com.apple.product-type.application";
		};
		FEBADE70285DB77800022DA2 /* GithubUserTests */ = {
			isa = PBXNativeTarget;
			buildConfigurationList = FEBADE79285DB77800022DA2 /* Build configuration list for PBXNativeTarget "GithubUserTests" */;
			buildPhases = (
				FEBADE6D285DB77800022DA2 /* Sources */,
				FEBADE6E285DB77800022DA2 /* Frameworks */,
				FEBADE6F285DB77800022DA2 /* Resources */,
			);
			buildRules = (
			);
			dependencies = (
				FEBADE76285DB77800022DA2 /* PBXTargetDependency */,
			);
			name = GithubUserTests;
			productName = GithubUser1Tests;
			productReference = FEBADE71285DB77800022DA2 /* GithubUserTests.xctest */;
			productType = "com.apple.product-type.bundle.unit-test";
		};
/* End PBXNativeTarget section */

/* Begin PBXProject section */
		FE9CE399285A09800014B2CF /* Project object */ = {
			isa = PBXProject;
			attributes = {
				BuildIndependentTargetsInParallel = 1;
				LastSwiftUpdateCheck = 1320;
				LastUpgradeCheck = 1330;
				TargetAttributes = {
					FE9CE3A0285A09800014B2CF = {
						CreatedOnToolsVersion = 13.3;
					};
					FEBADE70285DB77800022DA2 = {
						CreatedOnToolsVersion = 13.2.1;
						TestTargetID = FE9CE3A0285A09800014B2CF;
					};
				};
			};
			buildConfigurationList = FE9CE39C285A09800014B2CF /* Build configuration list for PBXProject "GithubUser" */;
			compatibilityVersion = "Xcode 13.0";
			developmentRegion = en;
			hasScannedForEncodings = 0;
			knownRegions = (
				en,
				Base,
			);
			mainGroup = FE9CE398285A09800014B2CF;
			packageReferences = (
				FE9CE3CF285A164A0014B2CF /* XCRemoteSwiftPackageReference "Alamofire" */,
				FE9CE3D2285A165C0014B2CF /* XCRemoteSwiftPackageReference "RxSwift" */,
				FE9CE404285AC30C0014B2CF /* XCRemoteSwiftPackageReference "SDWebImage" */,
				FEC5A9CC285C647200BFE925 /* XCRemoteSwiftPackageReference "RxSwift" */,
			);
			productRefGroup = FE9CE3A2285A09800014B2CF /* Products */;
			projectDirPath = "";
			projectReferences = (
				{
					ProductGroup = FEBADF69285E303A00022DA2 /* Products */;
					ProjectRef = FEBADF68285E303A00022DA2 /* Extensions.xcodeproj */;
				},
				{
					ProductGroup = FEBADF17285E2CD400022DA2 /* Products */;
					ProjectRef = FEBADF16285E2CD400022DA2 /* UserDetail.xcodeproj */;
				},
			);
			projectRoot = "";
			targets = (
				FE9CE3A0285A09800014B2CF /* GithubUser */,
				FEBADE70285DB77800022DA2 /* GithubUserTests */,
			);
		};
/* End PBXProject section */

/* Begin PBXReferenceProxy section */
		FEBADF1B285E2CD500022DA2 /* UserDetail.framework */ = {
			isa = PBXReferenceProxy;
			fileType = wrapper.framework;
			path = UserDetail.framework;
			remoteRef = FEBADF1A285E2CD500022DA2 /* PBXContainerItemProxy */;
			sourceTree = BUILT_PRODUCTS_DIR;
		};
		FEBADF6D285E303A00022DA2 /* Extensions.framework */ = {
			isa = PBXReferenceProxy;
			fileType = wrapper.framework;
			path = Extensions.framework;
			remoteRef = FEBADF6C285E303A00022DA2 /* PBXContainerItemProxy */;
			sourceTree = BUILT_PRODUCTS_DIR;
		};
/* End PBXReferenceProxy section */

/* Begin PBXResourcesBuildPhase section */
		FE9CE39F285A09800014B2CF /* Resources */ = {
			isa = PBXResourcesBuildPhase;
			buildActionMask = 2147483647;
			files = (
				FE9CE3B1285A09830014B2CF /* LaunchScreen.storyboard in Resources */,
				FEA782B5285B41B3000A7063 /* UserDetailStatisticsView.xib in Resources */,
				FEA782A8285B1C58000A7063 /* UserDetailViewController.xib in Resources */,
				FE9CE401285AAB880014B2CF /* UsersTableCell.xib in Resources */,
				FE9CE3BB285A09B10014B2CF /* UsersViewController.xib in Resources */,
				FE9CE3AE285A09830014B2CF /* Assets.xcassets in Resources */,
			);
			runOnlyForDeploymentPostprocessing = 0;
		};
		FEBADE6F285DB77800022DA2 /* Resources */ = {
			isa = PBXResourcesBuildPhase;
			buildActionMask = 2147483647;
			files = (
			);
			runOnlyForDeploymentPostprocessing = 0;
		};
/* End PBXResourcesBuildPhase section */

/* Begin PBXSourcesBuildPhase section */
		FE9CE39D285A09800014B2CF /* Sources */ = {
			isa = PBXSourcesBuildPhase;
			buildActionMask = 2147483647;
			files = (
				FE9CE3F7285A350A0014B2CF /* Application.swift in Sources */,
				FE9CE3E4285A201A0014B2CF /* UsersViewModel.swift in Sources */,
				FE9CE3E2285A1F380014B2CF /* DefaultUsersUseCase.swift in Sources */,
				FEC5AA63285C773E00BFE925 /* ResponseCacheKey.swift in Sources */,
				FE9CE3F1285A25910014B2CF /* GithubService.swift in Sources */,
				FEA782AA285B1CDD000A7063 /* UserDetailUseCase.swift in Sources */,
				FE9CE3D9285A1AC50014B2CF /* Api.swift in Sources */,
				FE9CE3E0285A1F280014B2CF /* DefaultUserNavigator.swift in Sources */,
				FE9CE3FA285A3DF60014B2CF /* UseCaseProvider.swift in Sources */,
				FEA782A7285B1C58000A7063 /* UserDetailViewController.swift in Sources */,
				FE9CE3CB285A11060014B2CF /* Router.swift in Sources */,
				FE9CE3EA285A22240014B2CF /* UserDTO.swift in Sources */,
				FEA782AE285B1CFD000A7063 /* UserDetailViewModel.swift in Sources */,
				FE9CE3A5285A09800014B2CF /* AppDelegate.swift in Sources */,
				FEA782B3285B41A6000A7063 /* UserDetailStatisticsView.swift in Sources */,
				FE9CE3BA285A09B10014B2CF /* UsersViewController.swift in Sources */,
				FE9CE3C0285A0AAC0014B2CF /* ApiClient.swift in Sources */,
				FE9CE3E7285A20400014B2CF /* ViewModelType.swift in Sources */,
				FE9CE3DC285A1E950014B2CF /* App.swift in Sources */,
				FE9CE3DE285A1EA10014B2CF /* AppString.swift in Sources */,
				FE9CE400285AAB880014B2CF /* UsersTableCell.swift in Sources */,
				FE9CE3CE285A13AF0014B2CF /* GithubRouter.swift in Sources */,
				FEA782B7285C20B4000A7063 /* Cache.swift in Sources */,
			);
			runOnlyForDeploymentPostprocessing = 0;
		};
		FEBADE6D285DB77800022DA2 /* Sources */ = {
			isa = PBXSourcesBuildPhase;
			buildActionMask = 2147483647;
			files = (
				FEBADE85285DB7E500022DA2 /* NetworkError+Extensions.swift in Sources */,
				FEBADE84285DB7E500022DA2 /* RxBlocking+Extensions.swift in Sources */,
				FEBADE81285DB7E500022DA2 /* GithubServiceTests.swift in Sources */,
				FEBADE82285DB7E500022DA2 /* MockApiClient.swift in Sources */,
				FEBADE83285DB7E500022DA2 /* ExpectEqual.swift in Sources */,
			);
			runOnlyForDeploymentPostprocessing = 0;
		};
/* End PBXSourcesBuildPhase section */

/* Begin PBXTargetDependency section */
		FEBADE76285DB77800022DA2 /* PBXTargetDependency */ = {
			isa = PBXTargetDependency;
			target = FE9CE3A0285A09800014B2CF /* GithubUser */;
			targetProxy = FEBADE75285DB77800022DA2 /* PBXContainerItemProxy */;
		};
/* End PBXTargetDependency section */

/* Begin PBXVariantGroup section */
		FE9CE3AF285A09830014B2CF /* LaunchScreen.storyboard */ = {
			isa = PBXVariantGroup;
			children = (
				FE9CE3B0285A09830014B2CF /* Base */,
			);
			name = LaunchScreen.storyboard;
			sourceTree = "<group>";
		};
/* End PBXVariantGroup section */

/* Begin XCBuildConfiguration section */
		FE9CE3B3285A09830014B2CF /* Debug */ = {
			isa = XCBuildConfiguration;
			buildSettings = {
				ALWAYS_SEARCH_USER_PATHS = NO;
				CLANG_ANALYZER_NONNULL = YES;
				CLANG_ANALYZER_NUMBER_OBJECT_CONVERSION = YES_AGGRESSIVE;
				CLANG_CXX_LANGUAGE_STANDARD = "gnu++17";
				CLANG_ENABLE_MODULES = YES;
				CLANG_ENABLE_OBJC_ARC = YES;
				CLANG_ENABLE_OBJC_WEAK = YES;
				CLANG_WARN_BLOCK_CAPTURE_AUTORELEASING = YES;
				CLANG_WARN_BOOL_CONVERSION = YES;
				CLANG_WARN_COMMA = YES;
				CLANG_WARN_CONSTANT_CONVERSION = YES;
				CLANG_WARN_DEPRECATED_OBJC_IMPLEMENTATIONS = YES;
				CLANG_WARN_DIRECT_OBJC_ISA_USAGE = YES_ERROR;
				CLANG_WARN_DOCUMENTATION_COMMENTS = YES;
				CLANG_WARN_EMPTY_BODY = YES;
				CLANG_WARN_ENUM_CONVERSION = YES;
				CLANG_WARN_INFINITE_RECURSION = YES;
				CLANG_WARN_INT_CONVERSION = YES;
				CLANG_WARN_NON_LITERAL_NULL_CONVERSION = YES;
				CLANG_WARN_OBJC_IMPLICIT_RETAIN_SELF = YES;
				CLANG_WARN_OBJC_LITERAL_CONVERSION = YES;
				CLANG_WARN_OBJC_ROOT_CLASS = YES_ERROR;
				CLANG_WARN_QUOTED_INCLUDE_IN_FRAMEWORK_HEADER = YES;
				CLANG_WARN_RANGE_LOOP_ANALYSIS = YES;
				CLANG_WARN_STRICT_PROTOTYPES = YES;
				CLANG_WARN_SUSPICIOUS_MOVE = YES;
				CLANG_WARN_UNGUARDED_AVAILABILITY = YES_AGGRESSIVE;
				CLANG_WARN_UNREACHABLE_CODE = YES;
				CLANG_WARN__DUPLICATE_METHOD_MATCH = YES;
				COPY_PHASE_STRIP = NO;
				DEBUG_INFORMATION_FORMAT = dwarf;
				ENABLE_STRICT_OBJC_MSGSEND = YES;
				ENABLE_TESTABILITY = YES;
				GCC_C_LANGUAGE_STANDARD = gnu11;
				GCC_DYNAMIC_NO_PIC = NO;
				GCC_NO_COMMON_BLOCKS = YES;
				GCC_OPTIMIZATION_LEVEL = 0;
				GCC_PREPROCESSOR_DEFINITIONS = (
					"DEBUG=1",
					"$(inherited)",
				);
				GCC_WARN_64_TO_32_BIT_CONVERSION = YES;
				GCC_WARN_ABOUT_RETURN_TYPE = YES_ERROR;
				GCC_WARN_UNDECLARED_SELECTOR = YES;
				GCC_WARN_UNINITIALIZED_AUTOS = YES_AGGRESSIVE;
				GCC_WARN_UNUSED_FUNCTION = YES;
				GCC_WARN_UNUSED_VARIABLE = YES;
				IPHONEOS_DEPLOYMENT_TARGET = 13.0;
				MTL_ENABLE_DEBUG_INFO = INCLUDE_SOURCE;
				MTL_FAST_MATH = YES;
				ONLY_ACTIVE_ARCH = YES;
				SDKROOT = iphoneos;
				SWIFT_ACTIVE_COMPILATION_CONDITIONS = DEBUG;
				SWIFT_OPTIMIZATION_LEVEL = "-Onone";
			};
			name = Debug;
		};
		FE9CE3B4285A09830014B2CF /* Release */ = {
			isa = XCBuildConfiguration;
			buildSettings = {
				ALWAYS_SEARCH_USER_PATHS = NO;
				CLANG_ANALYZER_NONNULL = YES;
				CLANG_ANALYZER_NUMBER_OBJECT_CONVERSION = YES_AGGRESSIVE;
				CLANG_CXX_LANGUAGE_STANDARD = "gnu++17";
				CLANG_ENABLE_MODULES = YES;
				CLANG_ENABLE_OBJC_ARC = YES;
				CLANG_ENABLE_OBJC_WEAK = YES;
				CLANG_WARN_BLOCK_CAPTURE_AUTORELEASING = YES;
				CLANG_WARN_BOOL_CONVERSION = YES;
				CLANG_WARN_COMMA = YES;
				CLANG_WARN_CONSTANT_CONVERSION = YES;
				CLANG_WARN_DEPRECATED_OBJC_IMPLEMENTATIONS = YES;
				CLANG_WARN_DIRECT_OBJC_ISA_USAGE = YES_ERROR;
				CLANG_WARN_DOCUMENTATION_COMMENTS = YES;
				CLANG_WARN_EMPTY_BODY = YES;
				CLANG_WARN_ENUM_CONVERSION = YES;
				CLANG_WARN_INFINITE_RECURSION = YES;
				CLANG_WARN_INT_CONVERSION = YES;
				CLANG_WARN_NON_LITERAL_NULL_CONVERSION = YES;
				CLANG_WARN_OBJC_IMPLICIT_RETAIN_SELF = YES;
				CLANG_WARN_OBJC_LITERAL_CONVERSION = YES;
				CLANG_WARN_OBJC_ROOT_CLASS = YES_ERROR;
				CLANG_WARN_QUOTED_INCLUDE_IN_FRAMEWORK_HEADER = YES;
				CLANG_WARN_RANGE_LOOP_ANALYSIS = YES;
				CLANG_WARN_STRICT_PROTOTYPES = YES;
				CLANG_WARN_SUSPICIOUS_MOVE = YES;
				CLANG_WARN_UNGUARDED_AVAILABILITY = YES_AGGRESSIVE;
				CLANG_WARN_UNREACHABLE_CODE = YES;
				CLANG_WARN__DUPLICATE_METHOD_MATCH = YES;
				COPY_PHASE_STRIP = NO;
				DEBUG_INFORMATION_FORMAT = "dwarf-with-dsym";
				ENABLE_NS_ASSERTIONS = NO;
				ENABLE_STRICT_OBJC_MSGSEND = YES;
				GCC_C_LANGUAGE_STANDARD = gnu11;
				GCC_NO_COMMON_BLOCKS = YES;
				GCC_WARN_64_TO_32_BIT_CONVERSION = YES;
				GCC_WARN_ABOUT_RETURN_TYPE = YES_ERROR;
				GCC_WARN_UNDECLARED_SELECTOR = YES;
				GCC_WARN_UNINITIALIZED_AUTOS = YES_AGGRESSIVE;
				GCC_WARN_UNUSED_FUNCTION = YES;
				GCC_WARN_UNUSED_VARIABLE = YES;
				IPHONEOS_DEPLOYMENT_TARGET = 13.0;
				MTL_ENABLE_DEBUG_INFO = NO;
				MTL_FAST_MATH = YES;
				SDKROOT = iphoneos;
				SWIFT_COMPILATION_MODE = wholemodule;
				SWIFT_OPTIMIZATION_LEVEL = "-O";
				VALIDATE_PRODUCT = YES;
			};
			name = Release;
		};
		FE9CE3B6285A09830014B2CF /* Debug */ = {
			isa = XCBuildConfiguration;
			buildSettings = {
				ASSETCATALOG_COMPILER_APPICON_NAME = AppIcon;
				ASSETCATALOG_COMPILER_GLOBAL_ACCENT_COLOR_NAME = AccentColor;
				CODE_SIGN_STYLE = Automatic;
				CURRENT_PROJECT_VERSION = 1;
				DEVELOPMENT_TEAM = 2MXG56LDD7;
				GENERATE_INFOPLIST_FILE = YES;
				INFOPLIST_FILE = GithubUser/Info.plist;
				INFOPLIST_KEY_UIApplicationSupportsIndirectInputEvents = YES;
				INFOPLIST_KEY_UILaunchStoryboardName = LaunchScreen;
				INFOPLIST_KEY_UISupportedInterfaceOrientations_iPad = "UIInterfaceOrientationPortrait UIInterfaceOrientationPortraitUpsideDown UIInterfaceOrientationLandscapeLeft UIInterfaceOrientationLandscapeRight";
				INFOPLIST_KEY_UISupportedInterfaceOrientations_iPhone = "UIInterfaceOrientationPortrait UIInterfaceOrientationLandscapeLeft UIInterfaceOrientationLandscapeRight";
				IPHONEOS_DEPLOYMENT_TARGET = 13.0;
				LD_RUNPATH_SEARCH_PATHS = (
					"$(inherited)",
					"@executable_path/Frameworks",
				);
				MARKETING_VERSION = 1.0;
				PRODUCT_BUNDLE_IDENTIFIER = com.lamle.GithubUser;
				PRODUCT_NAME = "$(TARGET_NAME)";
				SWIFT_EMIT_LOC_STRINGS = YES;
				SWIFT_VERSION = 5.0;
				TARGETED_DEVICE_FAMILY = "1,2";
			};
			name = Debug;
		};
		FE9CE3B7285A09830014B2CF /* Release */ = {
			isa = XCBuildConfiguration;
			buildSettings = {
				ASSETCATALOG_COMPILER_APPICON_NAME = AppIcon;
				ASSETCATALOG_COMPILER_GLOBAL_ACCENT_COLOR_NAME = AccentColor;
				CODE_SIGN_STYLE = Automatic;
				CURRENT_PROJECT_VERSION = 1;
				DEVELOPMENT_TEAM = 2MXG56LDD7;
				GENERATE_INFOPLIST_FILE = YES;
				INFOPLIST_FILE = GithubUser/Info.plist;
				INFOPLIST_KEY_UIApplicationSupportsIndirectInputEvents = YES;
				INFOPLIST_KEY_UILaunchStoryboardName = LaunchScreen;
				INFOPLIST_KEY_UISupportedInterfaceOrientations_iPad = "UIInterfaceOrientationPortrait UIInterfaceOrientationPortraitUpsideDown UIInterfaceOrientationLandscapeLeft UIInterfaceOrientationLandscapeRight";
				INFOPLIST_KEY_UISupportedInterfaceOrientations_iPhone = "UIInterfaceOrientationPortrait UIInterfaceOrientationLandscapeLeft UIInterfaceOrientationLandscapeRight";
				IPHONEOS_DEPLOYMENT_TARGET = 13.0;
				LD_RUNPATH_SEARCH_PATHS = (
					"$(inherited)",
					"@executable_path/Frameworks",
				);
				MARKETING_VERSION = 1.0;
				PRODUCT_BUNDLE_IDENTIFIER = com.lamle.GithubUser;
				PRODUCT_NAME = "$(TARGET_NAME)";
				SWIFT_EMIT_LOC_STRINGS = YES;
				SWIFT_VERSION = 5.0;
				TARGETED_DEVICE_FAMILY = "1,2";
			};
			name = Release;
		};
		FEBADE77285DB77800022DA2 /* Debug */ = {
			isa = XCBuildConfiguration;
			buildSettings = {
				BUNDLE_LOADER = "$(TEST_HOST)";
				CLANG_CXX_LIBRARY = "libc++";
				CODE_SIGN_STYLE = Manual;
				CURRENT_PROJECT_VERSION = 1;
				DEVELOPMENT_TEAM = "";
				GENERATE_INFOPLIST_FILE = YES;
				IPHONEOS_DEPLOYMENT_TARGET = 15.2;
				MARKETING_VERSION = 1.0;
				PRODUCT_BUNDLE_IDENTIFIER = com.lamle.GithubUserTests;
				PRODUCT_NAME = "$(TARGET_NAME)";
				PROVISIONING_PROFILE_SPECIFIER = "";
				"PROVISIONING_PROFILE_SPECIFIER[sdk=macosx*]" = "";
				SWIFT_EMIT_LOC_STRINGS = NO;
				SWIFT_VERSION = 5.0;
				TARGETED_DEVICE_FAMILY = "1,2";
				TEST_HOST = "$(BUILT_PRODUCTS_DIR)/GithubUser.app/GithubUser";
			};
			name = Debug;
		};
		FEBADE78285DB77800022DA2 /* Release */ = {
			isa = XCBuildConfiguration;
			buildSettings = {
				BUNDLE_LOADER = "$(TEST_HOST)";
				CLANG_CXX_LIBRARY = "libc++";
				CODE_SIGN_STYLE = Manual;
				CURRENT_PROJECT_VERSION = 1;
				DEVELOPMENT_TEAM = "";
				GENERATE_INFOPLIST_FILE = YES;
				IPHONEOS_DEPLOYMENT_TARGET = 15.2;
				MARKETING_VERSION = 1.0;
				PRODUCT_BUNDLE_IDENTIFIER = com.lamle.GithubUserTests;
				PRODUCT_NAME = "$(TARGET_NAME)";
				PROVISIONING_PROFILE_SPECIFIER = "";
				"PROVISIONING_PROFILE_SPECIFIER[sdk=macosx*]" = "";
				SWIFT_EMIT_LOC_STRINGS = NO;
				SWIFT_VERSION = 5.0;
				TARGETED_DEVICE_FAMILY = "1,2";
				TEST_HOST = "$(BUILT_PRODUCTS_DIR)/GithubUser.app/GithubUser";
			};
			name = Release;
		};
/* End XCBuildConfiguration section */

/* Begin XCConfigurationList section */
		FE9CE39C285A09800014B2CF /* Build configuration list for PBXProject "GithubUser" */ = {
			isa = XCConfigurationList;
			buildConfigurations = (
				FE9CE3B3285A09830014B2CF /* Debug */,
				FE9CE3B4285A09830014B2CF /* Release */,
			);
			defaultConfigurationIsVisible = 0;
			defaultConfigurationName = Release;
		};
		FE9CE3B5285A09830014B2CF /* Build configuration list for PBXNativeTarget "GithubUser" */ = {
			isa = XCConfigurationList;
			buildConfigurations = (
				FE9CE3B6285A09830014B2CF /* Debug */,
				FE9CE3B7285A09830014B2CF /* Release */,
			);
			defaultConfigurationIsVisible = 0;
			defaultConfigurationName = Release;
		};
		FEBADE79285DB77800022DA2 /* Build configuration list for PBXNativeTarget "GithubUserTests" */ = {
			isa = XCConfigurationList;
			buildConfigurations = (
				FEBADE77285DB77800022DA2 /* Debug */,
				FEBADE78285DB77800022DA2 /* Release */,
			);
			defaultConfigurationIsVisible = 0;
			defaultConfigurationName = Release;
		};
/* End XCConfigurationList section */

/* Begin XCRemoteSwiftPackageReference section */
		FE9CE3CF285A164A0014B2CF /* XCRemoteSwiftPackageReference "Alamofire" */ = {
			isa = XCRemoteSwiftPackageReference;
			repositoryURL = "https://github.com/Alamofire/Alamofire";
			requirement = {
				branch = master;
				kind = branch;
			};
		};
		FE9CE3D2285A165C0014B2CF /* XCRemoteSwiftPackageReference "RxSwift" */ = {
			isa = XCRemoteSwiftPackageReference;
			repositoryURL = "https://github.com/ReactiveX/RxSwift";
			requirement = {
				branch = main;
				kind = branch;
			};
		};
		FE9CE404285AC30C0014B2CF /* XCRemoteSwiftPackageReference "SDWebImage" */ = {
			isa = XCRemoteSwiftPackageReference;
			repositoryURL = "https://github.com/SDWebImage/SDWebImage";
			requirement = {
				kind = upToNextMajorVersion;
				minimumVersion = 5.0.0;
			};
		};
		FEC5A9CC285C647200BFE925 /* XCRemoteSwiftPackageReference "RxSwift" */ = {
			isa = XCRemoteSwiftPackageReference;
			repositoryURL = "https://github.com/ReactiveX/RxSwift";
			requirement = {
				branch = main;
				kind = branch;
			};
		};
/* End XCRemoteSwiftPackageReference section */

/* Begin XCSwiftPackageProductDependency section */
		FE9CE3D0285A164A0014B2CF /* Alamofire */ = {
			isa = XCSwiftPackageProductDependency;
			package = FE9CE3CF285A164A0014B2CF /* XCRemoteSwiftPackageReference "Alamofire" */;
			productName = Alamofire;
		};
		FE9CE3D3285A165C0014B2CF /* RxCocoa */ = {
			isa = XCSwiftPackageProductDependency;
			package = FE9CE3D2285A165C0014B2CF /* XCRemoteSwiftPackageReference "RxSwift" */;
			productName = RxCocoa;
		};
		FE9CE3D5285A165C0014B2CF /* RxSwift */ = {
			isa = XCSwiftPackageProductDependency;
			package = FE9CE3D2285A165C0014B2CF /* XCRemoteSwiftPackageReference "RxSwift" */;
			productName = RxSwift;
		};
		FE9CE405285AC30C0014B2CF /* SDWebImage */ = {
			isa = XCSwiftPackageProductDependency;
			package = FE9CE404285AC30C0014B2CF /* XCRemoteSwiftPackageReference "SDWebImage" */;
			productName = SDWebImage;
		};
		FEC5A9CD285C647200BFE925 /* RxBlocking */ = {
			isa = XCSwiftPackageProductDependency;
			package = FE9CE3D2285A165C0014B2CF /* XCRemoteSwiftPackageReference "RxSwift" */;
			productName = RxBlocking;
		};
/* End XCSwiftPackageProductDependency section */
	};
	rootObject = FE9CE399285A09800014B2CF /* Project object */;
}
